// !$*UTF8*$!
{
	archiveVersion = 1;
	classes = {
	};
	objectVersion = 52;
	objects = {

/* Begin PBXBuildFile section */
		CD21C3FF2402B7BE00998A14 /* ISgfcComposedPropertyValue.h in Headers */ = {isa = PBXBuildFile; fileRef = CD21C3FE2402B7BE00998A14 /* ISgfcComposedPropertyValue.h */; };
		CD21C4012402B7E000998A14 /* ISgfcSinglePropertyValue.h in Headers */ = {isa = PBXBuildFile; fileRef = CD21C4002402B7E000998A14 /* ISgfcSinglePropertyValue.h */; };
		CD21C42D2407CEE700998A14 /* ISgfcNumberPropertyValue.h in Headers */ = {isa = PBXBuildFile; fileRef = CD21C42C2407CEE700998A14 /* ISgfcNumberPropertyValue.h */; };
		CD21C4392408095D00998A14 /* ISgfcColorPropertyValue.h in Headers */ = {isa = PBXBuildFile; fileRef = CD21C4382408095D00998A14 /* ISgfcColorPropertyValue.h */; };
		CD21C43B2408096D00998A14 /* ISgfcDoublePropertyValue.h in Headers */ = {isa = PBXBuildFile; fileRef = CD21C43A2408096D00998A14 /* ISgfcDoublePropertyValue.h */; };
		CD21C43D2408097600998A14 /* ISgfcMovePropertyValue.h in Headers */ = {isa = PBXBuildFile; fileRef = CD21C43C2408097600998A14 /* ISgfcMovePropertyValue.h */; };
		CD21C43F2408097F00998A14 /* ISgfcPointPropertyValue.h in Headers */ = {isa = PBXBuildFile; fileRef = CD21C43E2408097F00998A14 /* ISgfcPointPropertyValue.h */; };
		CD21C4442408098D00998A14 /* ISgfcTextPropertyValue.h in Headers */ = {isa = PBXBuildFile; fileRef = CD21C4402408098C00998A14 /* ISgfcTextPropertyValue.h */; };
		CD21C4452408098D00998A14 /* ISgfcRealPropertyValue.h in Headers */ = {isa = PBXBuildFile; fileRef = CD21C4412408098D00998A14 /* ISgfcRealPropertyValue.h */; };
		CD21C4462408098D00998A14 /* ISgfcSimpleTextPropertyValue.h in Headers */ = {isa = PBXBuildFile; fileRef = CD21C4422408098D00998A14 /* ISgfcSimpleTextPropertyValue.h */; };
		CD21C4472408098D00998A14 /* ISgfcStonePropertyValue.h in Headers */ = {isa = PBXBuildFile; fileRef = CD21C4432408098D00998A14 /* ISgfcStonePropertyValue.h */; };
		CD21C44924080D3F00998A14 /* SgfcDouble.h in Headers */ = {isa = PBXBuildFile; fileRef = CD21C44824080D3F00998A14 /* SgfcDouble.h */; };
		CD21C44B2408104300998A14 /* SgfcColor.h in Headers */ = {isa = PBXBuildFile; fileRef = CD21C44A2408104300998A14 /* SgfcColor.h */; };
		CD21C4E624084D5B00998A14 /* SgfcPropertyDecoder.cpp in Sources */ = {isa = PBXBuildFile; fileRef = CD21C47D24084D5A00998A14 /* SgfcPropertyDecoder.cpp */; };
		CD21C4E724084D5B00998A14 /* SgfcPropertyDualValueTypeDescriptor.h in Headers */ = {isa = PBXBuildFile; fileRef = CD21C47F24084D5A00998A14 /* SgfcPropertyDualValueTypeDescriptor.h */; };
		CD21C4E824084D5B00998A14 /* SgfcPropertyElistValueTypeDescriptor.h in Headers */ = {isa = PBXBuildFile; fileRef = CD21C48024084D5A00998A14 /* SgfcPropertyElistValueTypeDescriptor.h */; };
		CD21C4E924084D5B00998A14 /* SgfcPropertyComposedValueTypeDescriptor.cpp in Sources */ = {isa = PBXBuildFile; fileRef = CD21C48124084D5A00998A14 /* SgfcPropertyComposedValueTypeDescriptor.cpp */; };
		CD21C4EA24084D5B00998A14 /* SgfcPropertyDualValueTypeDescriptor.cpp in Sources */ = {isa = PBXBuildFile; fileRef = CD21C48224084D5A00998A14 /* SgfcPropertyDualValueTypeDescriptor.cpp */; };
		CD21C4EB24084D5B00998A14 /* SgfcPropertyValueTypeDescriptorType.h in Headers */ = {isa = PBXBuildFile; fileRef = CD21C48324084D5A00998A14 /* SgfcPropertyValueTypeDescriptorType.h */; };
		CD21C4EC24084D5B00998A14 /* SgfcPropertyListValueTypeDescriptor.h in Headers */ = {isa = PBXBuildFile; fileRef = CD21C48424084D5A00998A14 /* SgfcPropertyListValueTypeDescriptor.h */; };
		CD21C4ED24084D5B00998A14 /* SgfcPropertyBasicValueTypeDescriptor.cpp in Sources */ = {isa = PBXBuildFile; fileRef = CD21C48524084D5A00998A14 /* SgfcPropertyBasicValueTypeDescriptor.cpp */; };
		CD21C4EE24084D5B00998A14 /* SgfcPropertyComposedValueTypeDescriptor.h in Headers */ = {isa = PBXBuildFile; fileRef = CD21C48624084D5A00998A14 /* SgfcPropertyComposedValueTypeDescriptor.h */; };
		CD21C4EF24084D5B00998A14 /* SgfcPropertyListValueTypeDescriptor.cpp in Sources */ = {isa = PBXBuildFile; fileRef = CD21C48724084D5A00998A14 /* SgfcPropertyListValueTypeDescriptor.cpp */; };
		CD21C4F024084D5B00998A14 /* SgfcPropertyBasicValueTypeDescriptor.h in Headers */ = {isa = PBXBuildFile; fileRef = CD21C48824084D5A00998A14 /* SgfcPropertyBasicValueTypeDescriptor.h */; };
		CD21C4F124084D5B00998A14 /* SgfcPropertyElistValueTypeDescriptor.cpp in Sources */ = {isa = PBXBuildFile; fileRef = CD21C48924084D5A00998A14 /* SgfcPropertyElistValueTypeDescriptor.cpp */; };
		CD21C4F224084D5B00998A14 /* SgfcPropertyDecoder.h in Headers */ = {isa = PBXBuildFile; fileRef = CD21C48A24084D5A00998A14 /* SgfcPropertyDecoder.h */; };
		CD21C4F324084D5B00998A14 /* SgfcDocumentReadResult.h in Headers */ = {isa = PBXBuildFile; fileRef = CD21C48D24084D5A00998A14 /* SgfcDocumentReadResult.h */; };
		CD21C4F424084D5B00998A14 /* SgfcDocumentReader.cpp in Sources */ = {isa = PBXBuildFile; fileRef = CD21C48E24084D5A00998A14 /* SgfcDocumentReader.cpp */; };
		CD21C4F524084D5B00998A14 /* SgfcDocumentReader.h in Headers */ = {isa = PBXBuildFile; fileRef = CD21C48F24084D5A00998A14 /* SgfcDocumentReader.h */; };
		CD21C4F624084D5B00998A14 /* SgfcCommandLine.cpp in Sources */ = {isa = PBXBuildFile; fileRef = CD21C49024084D5A00998A14 /* SgfcCommandLine.cpp */; };
		CD21C4F724084D5B00998A14 /* SgfcDocumentReadResult.cpp in Sources */ = {isa = PBXBuildFile; fileRef = CD21C49124084D5A00998A14 /* SgfcDocumentReadResult.cpp */; };
		CD21C4F824084D5B00998A14 /* SgfcCommandLine.h in Headers */ = {isa = PBXBuildFile; fileRef = CD21C49224084D5A00998A14 /* SgfcCommandLine.h */; };
		CD21C4F924084D5B00998A14 /* SgfcMessageStream.cpp in Sources */ = {isa = PBXBuildFile; fileRef = CD21C49424084D5A00998A14 /* SgfcMessageStream.cpp */; };
		CD21C4FA24084D5B00998A14 /* SgfcMessage.cpp in Sources */ = {isa = PBXBuildFile; fileRef = CD21C49524084D5A00998A14 /* SgfcMessage.cpp */; };
		CD21C4FB24084D5B00998A14 /* SgfcMessageParser.cpp in Sources */ = {isa = PBXBuildFile; fileRef = CD21C49624084D5A00998A14 /* SgfcMessageParser.cpp */; };
		CD21C4FC24084D5B00998A14 /* SgfcMessageStream.h in Headers */ = {isa = PBXBuildFile; fileRef = CD21C49724084D5A00998A14 /* SgfcMessageStream.h */; };
		CD21C4FD24084D5B00998A14 /* SgfcMessage.h in Headers */ = {isa = PBXBuildFile; fileRef = CD21C49824084D5A00998A14 /* SgfcMessage.h */; };
		CD21C4FE24084D5B00998A14 /* SgfcMessageParser.h in Headers */ = {isa = PBXBuildFile; fileRef = CD21C49924084D5A00998A14 /* SgfcMessageParser.h */; };
		CD21C4FF24084D5B00998A14 /* SgfcMessagePart.h in Headers */ = {isa = PBXBuildFile; fileRef = CD21C49A24084D5A00998A14 /* SgfcMessagePart.h */; };
		CD21C50024084D5B00998A14 /* SgfcBackendSaveResult.h in Headers */ = {isa = PBXBuildFile; fileRef = CD21C49C24084D5A00998A14 /* SgfcBackendSaveResult.h */; };
		CD21C50124084D5B00998A14 /* SgfcBackendDataWrapper.h in Headers */ = {isa = PBXBuildFile; fileRef = CD21C49D24084D5A00998A14 /* SgfcBackendDataWrapper.h */; };
		CD21C50224084D5B00998A14 /* SgfcBackendController.cpp in Sources */ = {isa = PBXBuildFile; fileRef = CD21C49E24084D5A00998A14 /* SgfcBackendController.cpp */; };
		CD21C50324084D5B00998A14 /* SgfcBackendSaveResult.cpp in Sources */ = {isa = PBXBuildFile; fileRef = CD21C49F24084D5A00998A14 /* SgfcBackendSaveResult.cpp */; };
		CD21C50424084D5B00998A14 /* SgfcBackendLoadResult.cpp in Sources */ = {isa = PBXBuildFile; fileRef = CD21C4A024084D5A00998A14 /* SgfcBackendLoadResult.cpp */; };
		CD21C50524084D5B00998A14 /* SgfcOptions.cpp in Sources */ = {isa = PBXBuildFile; fileRef = CD21C4A124084D5A00998A14 /* SgfcOptions.cpp */; };
		CD21C50624084D5B00998A14 /* SgfcBackendDataWrapper.cpp in Sources */ = {isa = PBXBuildFile; fileRef = CD21C4A224084D5A00998A14 /* SgfcBackendDataWrapper.cpp */; };
		CD21C50724084D5B00998A14 /* SgfcOptions.h in Headers */ = {isa = PBXBuildFile; fileRef = CD21C4A324084D5A00998A14 /* SgfcOptions.h */; };
		CD21C50824084D5B00998A14 /* SgfcBackendController.h in Headers */ = {isa = PBXBuildFile; fileRef = CD21C4A424084D5A00998A14 /* SgfcBackendController.h */; };
		CD21C50924084D5B00998A14 /* SgfcBackendLoadResult.h in Headers */ = {isa = PBXBuildFile; fileRef = CD21C4A524084D5A00998A14 /* SgfcBackendLoadResult.h */; };
		CD21C50A24084D5B00998A14 /* SgfcProperty.h in Headers */ = {isa = PBXBuildFile; fileRef = CD21C4A724084D5B00998A14 /* SgfcProperty.h */; };
		CD21C50B24084D5B00998A14 /* SgfcProperty.cpp in Sources */ = {isa = PBXBuildFile; fileRef = CD21C4A824084D5B00998A14 /* SgfcProperty.cpp */; };
		CD21C50C24084D5B00998A14 /* SgfcNode.cpp in Sources */ = {isa = PBXBuildFile; fileRef = CD21C4A924084D5B00998A14 /* SgfcNode.cpp */; };
		CD21C50D24084D5B00998A14 /* SgfcNode.h in Headers */ = {isa = PBXBuildFile; fileRef = CD21C4AA24084D5B00998A14 /* SgfcNode.h */; };
		CD21C50E24084D5B00998A14 /* SgfcComposedPropertyValue.h in Headers */ = {isa = PBXBuildFile; fileRef = CD21C4AB24084D5B00998A14 /* SgfcComposedPropertyValue.h */; };
		CD21C50F24084D5B00998A14 /* SgfcDocument.h in Headers */ = {isa = PBXBuildFile; fileRef = CD21C4AC24084D5B00998A14 /* SgfcDocument.h */; };
		CD21C51024084D5B00998A14 /* SgfcComposedPropertyValue.cpp in Sources */ = {isa = PBXBuildFile; fileRef = CD21C4AD24084D5B00998A14 /* SgfcComposedPropertyValue.cpp */; };
		CD21C51124084D5B00998A14 /* SgfcGame.cpp in Sources */ = {isa = PBXBuildFile; fileRef = CD21C4AE24084D5B00998A14 /* SgfcGame.cpp */; };
		CD21C51224084D5B00998A14 /* SgfcSinglePropertyValue.cpp in Sources */ = {isa = PBXBuildFile; fileRef = CD21C4AF24084D5B00998A14 /* SgfcSinglePropertyValue.cpp */; };
		CD21C51324084D5B00998A14 /* SgfcDocument.cpp in Sources */ = {isa = PBXBuildFile; fileRef = CD21C4B024084D5B00998A14 /* SgfcDocument.cpp */; };
		CD21C51424084D5B00998A14 /* SgfcGame.h in Headers */ = {isa = PBXBuildFile; fileRef = CD21C4B124084D5B00998A14 /* SgfcGame.h */; };
		CD21C51524084D5B00998A14 /* SgfcNumberPropertyValue.h in Headers */ = {isa = PBXBuildFile; fileRef = CD21C4B324084D5B00998A14 /* SgfcNumberPropertyValue.h */; };
		CD21C51624084D5B00998A14 /* SgfcStonePropertyValue.cpp in Sources */ = {isa = PBXBuildFile; fileRef = CD21C4B424084D5B00998A14 /* SgfcStonePropertyValue.cpp */; };
		CD21C51724084D5B00998A14 /* SgfcMovePropertyValue.cpp in Sources */ = {isa = PBXBuildFile; fileRef = CD21C4B524084D5B00998A14 /* SgfcMovePropertyValue.cpp */; };
		CD21C51824084D5B00998A14 /* SgfcNumberPropertyValue.cpp in Sources */ = {isa = PBXBuildFile; fileRef = CD21C4B624084D5B00998A14 /* SgfcNumberPropertyValue.cpp */; };
		CD21C51924084D5B00998A14 /* SgfcTextPropertyValue.cpp in Sources */ = {isa = PBXBuildFile; fileRef = CD21C4B724084D5B00998A14 /* SgfcTextPropertyValue.cpp */; };
		CD21C51A24084D5B00998A14 /* SgfcSimpleTextPropertyValue.cpp in Sources */ = {isa = PBXBuildFile; fileRef = CD21C4B824084D5B00998A14 /* SgfcSimpleTextPropertyValue.cpp */; };
		CD21C51B24084D5B00998A14 /* SgfcDoublePropertyValue.cpp in Sources */ = {isa = PBXBuildFile; fileRef = CD21C4B924084D5B00998A14 /* SgfcDoublePropertyValue.cpp */; };
		CD21C51C24084D5B00998A14 /* SgfcSimpleTextPropertyValue.h in Headers */ = {isa = PBXBuildFile; fileRef = CD21C4BA24084D5B00998A14 /* SgfcSimpleTextPropertyValue.h */; };
		CD21C51D24084D5B00998A14 /* SgfcUnknownPropertyValue.cpp in Sources */ = {isa = PBXBuildFile; fileRef = CD21C4BB24084D5B00998A14 /* SgfcUnknownPropertyValue.cpp */; };
		CD21C51E24084D5B00998A14 /* SgfcUnknownPropertyValue.h in Headers */ = {isa = PBXBuildFile; fileRef = CD21C4BC24084D5B00998A14 /* SgfcUnknownPropertyValue.h */; };
		CD21C51F24084D5B00998A14 /* SgfcMovePropertyValue.h in Headers */ = {isa = PBXBuildFile; fileRef = CD21C4BD24084D5B00998A14 /* SgfcMovePropertyValue.h */; };
		CD21C52024084D5B00998A14 /* SgfcColorPropertyValue.h in Headers */ = {isa = PBXBuildFile; fileRef = CD21C4BE24084D5B00998A14 /* SgfcColorPropertyValue.h */; };
		CD21C52124084D5B00998A14 /* SgfcTextPropertyValue.h in Headers */ = {isa = PBXBuildFile; fileRef = CD21C4BF24084D5B00998A14 /* SgfcTextPropertyValue.h */; };
		CD21C52224084D5B00998A14 /* SgfcRealPropertyValue.cpp in Sources */ = {isa = PBXBuildFile; fileRef = CD21C4C024084D5B00998A14 /* SgfcRealPropertyValue.cpp */; };
		CD21C52324084D5B00998A14 /* SgfcPointPropertyValue.cpp in Sources */ = {isa = PBXBuildFile; fileRef = CD21C4C124084D5B00998A14 /* SgfcPointPropertyValue.cpp */; };
		CD21C52424084D5B00998A14 /* SgfcDoublePropertyValue.h in Headers */ = {isa = PBXBuildFile; fileRef = CD21C4C224084D5B00998A14 /* SgfcDoublePropertyValue.h */; };
		CD21C52524084D5B00998A14 /* SgfcPointPropertyValue.h in Headers */ = {isa = PBXBuildFile; fileRef = CD21C4C324084D5B00998A14 /* SgfcPointPropertyValue.h */; };
		CD21C52624084D5B00998A14 /* SgfcRealPropertyValue.h in Headers */ = {isa = PBXBuildFile; fileRef = CD21C4C424084D5B00998A14 /* SgfcRealPropertyValue.h */; };
		CD21C52724084D5B00998A14 /* SgfcColorPropertyValue.cpp in Sources */ = {isa = PBXBuildFile; fileRef = CD21C4C524084D5B00998A14 /* SgfcColorPropertyValue.cpp */; };
		CD21C52824084D5B00998A14 /* SgfcStonePropertyValue.h in Headers */ = {isa = PBXBuildFile; fileRef = CD21C4C624084D5B00998A14 /* SgfcStonePropertyValue.h */; };
		CD21C52924084D5B00998A14 /* SgfcSinglePropertyValue.h in Headers */ = {isa = PBXBuildFile; fileRef = CD21C4C724084D5B00998A14 /* SgfcSinglePropertyValue.h */; };
		CD21C52A24084D5B00998A14 /* SgfcPlusPlusFactory.cpp in Sources */ = {isa = PBXBuildFile; fileRef = CD21C4C824084D5B00998A14 /* SgfcPlusPlusFactory.cpp */; };
		CD21C52B24084D5B00998A14 /* ISgfcRealPropertyValue.cpp in Sources */ = {isa = PBXBuildFile; fileRef = CD21C4CB24084D5B00998A14 /* ISgfcRealPropertyValue.cpp */; };
		CD21C52C24084D5B00998A14 /* ISgfcNumberPropertyValue.cpp in Sources */ = {isa = PBXBuildFile; fileRef = CD21C4CC24084D5B00998A14 /* ISgfcNumberPropertyValue.cpp */; };
		CD21C52D24084D5B00998A14 /* ISgfcProperty.cpp in Sources */ = {isa = PBXBuildFile; fileRef = CD21C4CD24084D5B00998A14 /* ISgfcProperty.cpp */; };
		CD21C52E24084D5B00998A14 /* ISgfcComposedPropertyValue.cpp in Sources */ = {isa = PBXBuildFile; fileRef = CD21C4CE24084D5B00998A14 /* ISgfcComposedPropertyValue.cpp */; };
		CD21C52F24084D5B00998A14 /* ISgfcDoublePropertyValue.cpp in Sources */ = {isa = PBXBuildFile; fileRef = CD21C4CF24084D5B00998A14 /* ISgfcDoublePropertyValue.cpp */; };
		CD21C53024084D5B00998A14 /* ISgfcStonePropertyValue.cpp in Sources */ = {isa = PBXBuildFile; fileRef = CD21C4D024084D5B00998A14 /* ISgfcStonePropertyValue.cpp */; };
		CD21C53124084D5B00998A14 /* ISgfcMessage.cpp in Sources */ = {isa = PBXBuildFile; fileRef = CD21C4D124084D5B00998A14 /* ISgfcMessage.cpp */; };
		CD21C53224084D5B00998A14 /* ISgfcGame.cpp in Sources */ = {isa = PBXBuildFile; fileRef = CD21C4D224084D5B00998A14 /* ISgfcGame.cpp */; };
		CD21C53324084D5B00998A14 /* ISgfcDocument.cpp in Sources */ = {isa = PBXBuildFile; fileRef = CD21C4D324084D5B00998A14 /* ISgfcDocument.cpp */; };
		CD21C53424084D5B00998A14 /* ISgfcPointPropertyValue.cpp in Sources */ = {isa = PBXBuildFile; fileRef = CD21C4D424084D5B00998A14 /* ISgfcPointPropertyValue.cpp */; };
		CD21C53524084D5B00998A14 /* ISgfcMovePropertyValue.cpp in Sources */ = {isa = PBXBuildFile; fileRef = CD21C4D524084D5B00998A14 /* ISgfcMovePropertyValue.cpp */; };
		CD21C53624084D5B00998A14 /* ISgfcDocumentReader.cpp in Sources */ = {isa = PBXBuildFile; fileRef = CD21C4D624084D5B00998A14 /* ISgfcDocumentReader.cpp */; };
		CD21C53724084D5B00998A14 /* ISgfcTextPropertyValue.cpp in Sources */ = {isa = PBXBuildFile; fileRef = CD21C4D724084D5B00998A14 /* ISgfcTextPropertyValue.cpp */; };
		CD21C53824084D5B00998A14 /* ISgfcPropertyValue.cpp in Sources */ = {isa = PBXBuildFile; fileRef = CD21C4D824084D5B00998A14 /* ISgfcPropertyValue.cpp */; };
		CD21C53924084D5B00998A14 /* ISgfcSinglePropertyValue.cpp in Sources */ = {isa = PBXBuildFile; fileRef = CD21C4D924084D5B00998A14 /* ISgfcSinglePropertyValue.cpp */; };
		CD21C53A24084D5B00998A14 /* ISgfcSimpleTextPropertyValue.cpp in Sources */ = {isa = PBXBuildFile; fileRef = CD21C4DA24084D5B00998A14 /* ISgfcSimpleTextPropertyValue.cpp */; };
		CD21C53B24084D5B00998A14 /* ISgfcColorPropertyValue.cpp in Sources */ = {isa = PBXBuildFile; fileRef = CD21C4DB24084D5B00998A14 /* ISgfcColorPropertyValue.cpp */; };
		CD21C53C24084D5B00998A14 /* ISgfcNode.cpp in Sources */ = {isa = PBXBuildFile; fileRef = CD21C4DC24084D5B00998A14 /* ISgfcNode.cpp */; };
		CD21C53D24084D5B00998A14 /* ISgfcDocumentReadResult.cpp in Sources */ = {isa = PBXBuildFile; fileRef = CD21C4DD24084D5B00998A14 /* ISgfcDocumentReadResult.cpp */; };
		CD21C53E24084D5B00998A14 /* ISgfcCommandLine.cpp in Sources */ = {isa = PBXBuildFile; fileRef = CD21C4DE24084D5B00998A14 /* ISgfcCommandLine.cpp */; };
		CD21C53F24084D5B00998A14 /* ISgfcPropertyValueTypeDescriptor.h in Headers */ = {isa = PBXBuildFile; fileRef = CD21C4E024084D5B00998A14 /* ISgfcPropertyValueTypeDescriptor.h */; };
		CD21C54024084D5B00998A14 /* ISgfcPropertyValueTypeDescriptor.cpp in Sources */ = {isa = PBXBuildFile; fileRef = CD21C4E124084D5B00998A14 /* ISgfcPropertyValueTypeDescriptor.cpp */; };
		CD21C54124084D5B00998A14 /* SgfcUtility.cpp in Sources */ = {isa = PBXBuildFile; fileRef = CD21C4E224084D5B00998A14 /* SgfcUtility.cpp */; };
		CD21C54224084D5B00998A14 /* SgfcUtility.h in Headers */ = {isa = PBXBuildFile; fileRef = CD21C4E324084D5B00998A14 /* SgfcUtility.h */; };
		CD21C54324084D5B00998A14 /* SgfcConstants.h in Headers */ = {isa = PBXBuildFile; fileRef = CD21C4E424084D5B00998A14 /* SgfcConstants.h */; };
		CD21C54424084D5B00998A14 /* SgfcConstants.cpp in Sources */ = {isa = PBXBuildFile; fileRef = CD21C4E524084D5B00998A14 /* SgfcConstants.cpp */; };
		CD21C546240C10B300998A14 /* SgfcTypedefs.h in Headers */ = {isa = PBXBuildFile; fileRef = CD21C545240C10B300998A14 /* SgfcTypedefs.h */; };
		CD21C548240C188200998A14 /* ISgfcGoMovePropertyValue.h in Headers */ = {isa = PBXBuildFile; fileRef = CD21C547240C188200998A14 /* ISgfcGoMovePropertyValue.h */; };
		CD21C54A240C195A00998A14 /* ISgfcGoPointPropertyValue.h in Headers */ = {isa = PBXBuildFile; fileRef = CD21C549240C195A00998A14 /* ISgfcGoPointPropertyValue.h */; };
		CD21C54C240C31A500998A14 /* ISgfcGoPoint.h in Headers */ = {isa = PBXBuildFile; fileRef = CD21C54B240C31A500998A14 /* ISgfcGoPoint.h */; };
		CD21C54E240C4B0200998A14 /* SgfcCoordinateSystem.h in Headers */ = {isa = PBXBuildFile; fileRef = CD21C54D240C4B0200998A14 /* SgfcCoordinateSystem.h */; };
		CD21C550240C4C8300998A14 /* SgfcGoPointNotation.h in Headers */ = {isa = PBXBuildFile; fileRef = CD21C54F240C4C8300998A14 /* SgfcGoPointNotation.h */; };
		CD21C552240C546E00998A14 /* ISgfcGoPointPropertyValue.cpp in Sources */ = {isa = PBXBuildFile; fileRef = CD21C551240C546E00998A14 /* ISgfcGoPointPropertyValue.cpp */; };
		CD21C554240C547E00998A14 /* ISgfcGoPoint.cpp in Sources */ = {isa = PBXBuildFile; fileRef = CD21C553240C547E00998A14 /* ISgfcGoPoint.cpp */; };
		CD21C558240C5AAA00998A14 /* SgfcGoPointPropertyValue.cpp in Sources */ = {isa = PBXBuildFile; fileRef = CD21C556240C551800998A14 /* SgfcGoPointPropertyValue.cpp */; };
		CD21C559240C5AB000998A14 /* SgfcGoPointPropertyValue.h in Headers */ = {isa = PBXBuildFile; fileRef = CD21C557240C551800998A14 /* SgfcGoPointPropertyValue.h */; };
		CD21C55E240C5AF800998A14 /* SgfcGoPoint.cpp in Sources */ = {isa = PBXBuildFile; fileRef = CD21C55C240C5AF800998A14 /* SgfcGoPoint.cpp */; };
		CD21C55F240C5AF800998A14 /* SgfcGoPoint.h in Headers */ = {isa = PBXBuildFile; fileRef = CD21C55D240C5AF800998A14 /* SgfcGoPoint.h */; };
		CD21C5612410035700998A14 /* ISgfcGoStonePropertyValue.h in Headers */ = {isa = PBXBuildFile; fileRef = CD21C5602410035700998A14 /* ISgfcGoStonePropertyValue.h */; };
		CD21C563241004BE00998A14 /* ISgfcGoMovePropertyValue.cpp in Sources */ = {isa = PBXBuildFile; fileRef = CD21C562241004BE00998A14 /* ISgfcGoMovePropertyValue.cpp */; };
		CD21C565241004C700998A14 /* ISgfcGoStonePropertyValue.cpp in Sources */ = {isa = PBXBuildFile; fileRef = CD21C564241004C700998A14 /* ISgfcGoStonePropertyValue.cpp */; };
		CD21C5682410053000998A14 /* SgfcGoMovePropertyValue.h in Headers */ = {isa = PBXBuildFile; fileRef = CD21C5662410053000998A14 /* SgfcGoMovePropertyValue.h */; };
		CD21C5692410053000998A14 /* SgfcGoMovePropertyValue.cpp in Sources */ = {isa = PBXBuildFile; fileRef = CD21C5672410053000998A14 /* SgfcGoMovePropertyValue.cpp */; };
		CD21C56C2410053600998A14 /* SgfcGoStonePropertyValue.h in Headers */ = {isa = PBXBuildFile; fileRef = CD21C56A2410053500998A14 /* SgfcGoStonePropertyValue.h */; };
		CD21C56D2410053600998A14 /* SgfcGoStonePropertyValue.cpp in Sources */ = {isa = PBXBuildFile; fileRef = CD21C56B2410053600998A14 /* SgfcGoStonePropertyValue.cpp */; };
		CD21C56F241006A100998A14 /* ISgfcGoStone.h in Headers */ = {isa = PBXBuildFile; fileRef = CD21C56E241006A100998A14 /* ISgfcGoStone.h */; };
		CD21C571241008B400998A14 /* ISgfcGoStone.cpp in Sources */ = {isa = PBXBuildFile; fileRef = CD21C570241008B400998A14 /* ISgfcGoStone.cpp */; };
		CD21C574241008DB00998A14 /* SgfcGoStone.cpp in Sources */ = {isa = PBXBuildFile; fileRef = CD21C572241008DB00998A14 /* SgfcGoStone.cpp */; };
		CD21C575241008DB00998A14 /* SgfcGoStone.h in Headers */ = {isa = PBXBuildFile; fileRef = CD21C573241008DB00998A14 /* SgfcGoStone.h */; };
		CD21C577241015C100998A14 /* ISgfcGoMove.h in Headers */ = {isa = PBXBuildFile; fileRef = CD21C576241015C100998A14 /* ISgfcGoMove.h */; };
		CD21C5792410197F00998A14 /* ISgfcGoMove.cpp in Sources */ = {isa = PBXBuildFile; fileRef = CD21C5782410197F00998A14 /* ISgfcGoMove.cpp */; };
		CD21C57C241019AB00998A14 /* SgfcGoMove.cpp in Sources */ = {isa = PBXBuildFile; fileRef = CD21C57A241019AA00998A14 /* SgfcGoMove.cpp */; };
		CD21C57D241019AB00998A14 /* SgfcGoMove.h in Headers */ = {isa = PBXBuildFile; fileRef = CD21C57B241019AB00998A14 /* SgfcGoMove.h */; };
		CD21C57F241037C000998A14 /* ISgfcDocumentWriter.h in Headers */ = {isa = PBXBuildFile; fileRef = CD21C57E241037BF00998A14 /* ISgfcDocumentWriter.h */; };
		CD21C58124103C9D00998A14 /* ISgfcDocumentWriteResult.h in Headers */ = {isa = PBXBuildFile; fileRef = CD21C58024103C9C00998A14 /* ISgfcDocumentWriteResult.h */; };
		CD21C58424103D9F00998A14 /* SgfcDocumentWriter.cpp in Sources */ = {isa = PBXBuildFile; fileRef = CD21C58224103D9F00998A14 /* SgfcDocumentWriter.cpp */; };
		CD21C58524103D9F00998A14 /* SgfcDocumentWriter.h in Headers */ = {isa = PBXBuildFile; fileRef = CD21C58324103D9F00998A14 /* SgfcDocumentWriter.h */; };
		CD21C58824103E8000998A14 /* SgfcDocumentWriteResult.cpp in Sources */ = {isa = PBXBuildFile; fileRef = CD21C58624103E8000998A14 /* SgfcDocumentWriteResult.cpp */; };
		CD21C58924103E8000998A14 /* SgfcDocumentWriteResult.h in Headers */ = {isa = PBXBuildFile; fileRef = CD21C58724103E8000998A14 /* SgfcDocumentWriteResult.h */; };
		CD21C58C2410427400998A14 /* ISgfcDocumentWriteResult.cpp in Sources */ = {isa = PBXBuildFile; fileRef = CD21C58A2410427300998A14 /* ISgfcDocumentWriteResult.cpp */; };
		CD21C58D2410427400998A14 /* ISgfcDocumentWriter.cpp in Sources */ = {isa = PBXBuildFile; fileRef = CD21C58B2410427400998A14 /* ISgfcDocumentWriter.cpp */; };
		CD8322A423F1D246009567E4 /* ISgfcCommandLine.h in Headers */ = {isa = PBXBuildFile; fileRef = CD83227B23F1D1E7009567E4 /* ISgfcCommandLine.h */; };
		CD8322A523F1D246009567E4 /* SgfcPlusPlusFactory.h in Headers */ = {isa = PBXBuildFile; fileRef = CD83227C23F1D1E7009567E4 /* SgfcPlusPlusFactory.h */; };
		CD8322A723F1D30D009567E4 /* ISgfcMessage.h in Headers */ = {isa = PBXBuildFile; fileRef = CD8322A623F1D30D009567E4 /* ISgfcMessage.h */; };
		CD8322AB23F1DAC4009567E4 /* SgfcMessageType.h in Headers */ = {isa = PBXBuildFile; fileRef = CD8322AA23F1DAC4009567E4 /* SgfcMessageType.h */; };
		CD8322B623F424C7009567E4 /* gameinfo.c in Sources */ = {isa = PBXBuildFile; fileRef = CD83227E23F1D218009567E4 /* gameinfo.c */; };
		CD8322B823F424E4009567E4 /* strict.c in Sources */ = {isa = PBXBuildFile; fileRef = CD83228123F1D218009567E4 /* strict.c */; };
		CD8322B923F424E7009567E4 /* parse2.c in Sources */ = {isa = PBXBuildFile; fileRef = CD83228323F1D218009567E4 /* parse2.c */; };
		CD8322BA23F424EA009567E4 /* execute.c in Sources */ = {isa = PBXBuildFile; fileRef = CD83228523F1D218009567E4 /* execute.c */; };
		CD8322BB23F424EE009567E4 /* properties.c in Sources */ = {isa = PBXBuildFile; fileRef = CD83228623F1D218009567E4 /* properties.c */; };
		CD8322BC23F424F9009567E4 /* parse.c in Sources */ = {isa = PBXBuildFile; fileRef = CD83229023F1D218009567E4 /* parse.c */; };
		CD8322BD23F424FC009567E4 /* save.c in Sources */ = {isa = PBXBuildFile; fileRef = CD83229123F1D218009567E4 /* save.c */; settings = {COMPILER_FLAGS = "-x c++"; }; };
		CD8322BE23F42500009567E4 /* load.c in Sources */ = {isa = PBXBuildFile; fileRef = CD83229223F1D218009567E4 /* load.c */; };
		CD8322BF23F4250E009567E4 /* main.c in Sources */ = {isa = PBXBuildFile; fileRef = CD83228923F1D218009567E4 /* main.c */; };
		CD8322C523F43262009567E4 /* util.c in Sources */ = {isa = PBXBuildFile; fileRef = CD83228023F1D218009567E4 /* util.c */; settings = {COMPILER_FLAGS = "-x c++"; }; };
		CD8322C723F48912009567E4 /* SgfcExitCode.h in Headers */ = {isa = PBXBuildFile; fileRef = CD8322C623F48912009567E4 /* SgfcExitCode.h */; };
		CD8322E723FD9D79009567E4 /* SgfcPropertyValueType.h in Headers */ = {isa = PBXBuildFile; fileRef = CD8322E623FD9D79009567E4 /* SgfcPropertyValueType.h */; };
		CD8322E923FDB8F8009567E4 /* SgfcGameType.h in Headers */ = {isa = PBXBuildFile; fileRef = CD8322E823FDB8F8009567E4 /* SgfcGameType.h */; };
		CD8322EB23FDC859009567E4 /* SgfcPropertyType.h in Headers */ = {isa = PBXBuildFile; fileRef = CD8322EA23FDC859009567E4 /* SgfcPropertyType.h */; };
		CD8322ED23FF0ECF009567E4 /* ISgfcDocument.h in Headers */ = {isa = PBXBuildFile; fileRef = CD8322EC23FF0ECF009567E4 /* ISgfcDocument.h */; };
		CD8322EF23FF116F009567E4 /* ISgfcGame.h in Headers */ = {isa = PBXBuildFile; fileRef = CD8322EE23FF116F009567E4 /* ISgfcGame.h */; };
		CD8322F123FF135C009567E4 /* ISgfcNode.h in Headers */ = {isa = PBXBuildFile; fileRef = CD8322F023FF135C009567E4 /* ISgfcNode.h */; };
		CD8322F423FF177B009567E4 /* ISgfcPropertyValue.h in Headers */ = {isa = PBXBuildFile; fileRef = CD8322F223FF177B009567E4 /* ISgfcPropertyValue.h */; };
		CD8322F523FF177B009567E4 /* ISgfcProperty.h in Headers */ = {isa = PBXBuildFile; fileRef = CD8322F323FF177B009567E4 /* ISgfcProperty.h */; };
		CD83230123FF27F0009567E4 /* ISgfcDocumentReader.h in Headers */ = {isa = PBXBuildFile; fileRef = CD83230023FF27F0009567E4 /* ISgfcDocumentReader.h */; };
		CD83230323FF2CE7009567E4 /* ISgfcDocumentReadResult.h in Headers */ = {isa = PBXBuildFile; fileRef = CD83230223FF2CE7009567E4 /* ISgfcDocumentReadResult.h */; };
/* End PBXBuildFile section */

/* Begin PBXFileReference section */
		CD21C3FE2402B7BE00998A14 /* ISgfcComposedPropertyValue.h */ = {isa = PBXFileReference; fileEncoding = 4; lastKnownFileType = sourcecode.c.h; path = ISgfcComposedPropertyValue.h; sourceTree = "<group>"; };
		CD21C4002402B7E000998A14 /* ISgfcSinglePropertyValue.h */ = {isa = PBXFileReference; fileEncoding = 4; lastKnownFileType = sourcecode.c.h; path = ISgfcSinglePropertyValue.h; sourceTree = "<group>"; };
		CD21C42C2407CEE700998A14 /* ISgfcNumberPropertyValue.h */ = {isa = PBXFileReference; fileEncoding = 4; lastKnownFileType = sourcecode.c.h; path = ISgfcNumberPropertyValue.h; sourceTree = "<group>"; };
		CD21C4382408095D00998A14 /* ISgfcColorPropertyValue.h */ = {isa = PBXFileReference; fileEncoding = 4; lastKnownFileType = sourcecode.c.h; path = ISgfcColorPropertyValue.h; sourceTree = "<group>"; };
		CD21C43A2408096D00998A14 /* ISgfcDoublePropertyValue.h */ = {isa = PBXFileReference; fileEncoding = 4; lastKnownFileType = sourcecode.c.h; path = ISgfcDoublePropertyValue.h; sourceTree = "<group>"; };
		CD21C43C2408097600998A14 /* ISgfcMovePropertyValue.h */ = {isa = PBXFileReference; fileEncoding = 4; lastKnownFileType = sourcecode.c.h; path = ISgfcMovePropertyValue.h; sourceTree = "<group>"; };
		CD21C43E2408097F00998A14 /* ISgfcPointPropertyValue.h */ = {isa = PBXFileReference; fileEncoding = 4; lastKnownFileType = sourcecode.c.h; path = ISgfcPointPropertyValue.h; sourceTree = "<group>"; };
		CD21C4402408098C00998A14 /* ISgfcTextPropertyValue.h */ = {isa = PBXFileReference; fileEncoding = 4; lastKnownFileType = sourcecode.c.h; path = ISgfcTextPropertyValue.h; sourceTree = "<group>"; };
		CD21C4412408098D00998A14 /* ISgfcRealPropertyValue.h */ = {isa = PBXFileReference; fileEncoding = 4; lastKnownFileType = sourcecode.c.h; path = ISgfcRealPropertyValue.h; sourceTree = "<group>"; };
		CD21C4422408098D00998A14 /* ISgfcSimpleTextPropertyValue.h */ = {isa = PBXFileReference; fileEncoding = 4; lastKnownFileType = sourcecode.c.h; path = ISgfcSimpleTextPropertyValue.h; sourceTree = "<group>"; };
		CD21C4432408098D00998A14 /* ISgfcStonePropertyValue.h */ = {isa = PBXFileReference; fileEncoding = 4; lastKnownFileType = sourcecode.c.h; path = ISgfcStonePropertyValue.h; sourceTree = "<group>"; };
		CD21C44824080D3F00998A14 /* SgfcDouble.h */ = {isa = PBXFileReference; fileEncoding = 4; lastKnownFileType = sourcecode.c.h; path = SgfcDouble.h; sourceTree = "<group>"; };
		CD21C44A2408104300998A14 /* SgfcColor.h */ = {isa = PBXFileReference; fileEncoding = 4; lastKnownFileType = sourcecode.c.h; path = SgfcColor.h; sourceTree = "<group>"; };
		CD21C47D24084D5A00998A14 /* SgfcPropertyDecoder.cpp */ = {isa = PBXFileReference; fileEncoding = 4; lastKnownFileType = sourcecode.cpp.cpp; path = SgfcPropertyDecoder.cpp; sourceTree = "<group>"; };
		CD21C47F24084D5A00998A14 /* SgfcPropertyDualValueTypeDescriptor.h */ = {isa = PBXFileReference; fileEncoding = 4; lastKnownFileType = sourcecode.c.h; path = SgfcPropertyDualValueTypeDescriptor.h; sourceTree = "<group>"; };
		CD21C48024084D5A00998A14 /* SgfcPropertyElistValueTypeDescriptor.h */ = {isa = PBXFileReference; fileEncoding = 4; lastKnownFileType = sourcecode.c.h; path = SgfcPropertyElistValueTypeDescriptor.h; sourceTree = "<group>"; };
		CD21C48124084D5A00998A14 /* SgfcPropertyComposedValueTypeDescriptor.cpp */ = {isa = PBXFileReference; fileEncoding = 4; lastKnownFileType = sourcecode.cpp.cpp; path = SgfcPropertyComposedValueTypeDescriptor.cpp; sourceTree = "<group>"; };
		CD21C48224084D5A00998A14 /* SgfcPropertyDualValueTypeDescriptor.cpp */ = {isa = PBXFileReference; fileEncoding = 4; lastKnownFileType = sourcecode.cpp.cpp; path = SgfcPropertyDualValueTypeDescriptor.cpp; sourceTree = "<group>"; };
		CD21C48324084D5A00998A14 /* SgfcPropertyValueTypeDescriptorType.h */ = {isa = PBXFileReference; fileEncoding = 4; lastKnownFileType = sourcecode.c.h; path = SgfcPropertyValueTypeDescriptorType.h; sourceTree = "<group>"; };
		CD21C48424084D5A00998A14 /* SgfcPropertyListValueTypeDescriptor.h */ = {isa = PBXFileReference; fileEncoding = 4; lastKnownFileType = sourcecode.c.h; path = SgfcPropertyListValueTypeDescriptor.h; sourceTree = "<group>"; };
		CD21C48524084D5A00998A14 /* SgfcPropertyBasicValueTypeDescriptor.cpp */ = {isa = PBXFileReference; fileEncoding = 4; lastKnownFileType = sourcecode.cpp.cpp; path = SgfcPropertyBasicValueTypeDescriptor.cpp; sourceTree = "<group>"; };
		CD21C48624084D5A00998A14 /* SgfcPropertyComposedValueTypeDescriptor.h */ = {isa = PBXFileReference; fileEncoding = 4; lastKnownFileType = sourcecode.c.h; path = SgfcPropertyComposedValueTypeDescriptor.h; sourceTree = "<group>"; };
		CD21C48724084D5A00998A14 /* SgfcPropertyListValueTypeDescriptor.cpp */ = {isa = PBXFileReference; fileEncoding = 4; lastKnownFileType = sourcecode.cpp.cpp; path = SgfcPropertyListValueTypeDescriptor.cpp; sourceTree = "<group>"; };
		CD21C48824084D5A00998A14 /* SgfcPropertyBasicValueTypeDescriptor.h */ = {isa = PBXFileReference; fileEncoding = 4; lastKnownFileType = sourcecode.c.h; path = SgfcPropertyBasicValueTypeDescriptor.h; sourceTree = "<group>"; };
		CD21C48924084D5A00998A14 /* SgfcPropertyElistValueTypeDescriptor.cpp */ = {isa = PBXFileReference; fileEncoding = 4; lastKnownFileType = sourcecode.cpp.cpp; path = SgfcPropertyElistValueTypeDescriptor.cpp; sourceTree = "<group>"; };
		CD21C48A24084D5A00998A14 /* SgfcPropertyDecoder.h */ = {isa = PBXFileReference; fileEncoding = 4; lastKnownFileType = sourcecode.c.h; path = SgfcPropertyDecoder.h; sourceTree = "<group>"; };
		CD21C48D24084D5A00998A14 /* SgfcDocumentReadResult.h */ = {isa = PBXFileReference; fileEncoding = 4; lastKnownFileType = sourcecode.c.h; path = SgfcDocumentReadResult.h; sourceTree = "<group>"; };
		CD21C48E24084D5A00998A14 /* SgfcDocumentReader.cpp */ = {isa = PBXFileReference; fileEncoding = 4; lastKnownFileType = sourcecode.cpp.cpp; path = SgfcDocumentReader.cpp; sourceTree = "<group>"; };
		CD21C48F24084D5A00998A14 /* SgfcDocumentReader.h */ = {isa = PBXFileReference; fileEncoding = 4; lastKnownFileType = sourcecode.c.h; path = SgfcDocumentReader.h; sourceTree = "<group>"; };
		CD21C49024084D5A00998A14 /* SgfcCommandLine.cpp */ = {isa = PBXFileReference; fileEncoding = 4; lastKnownFileType = sourcecode.cpp.cpp; path = SgfcCommandLine.cpp; sourceTree = "<group>"; };
		CD21C49124084D5A00998A14 /* SgfcDocumentReadResult.cpp */ = {isa = PBXFileReference; fileEncoding = 4; lastKnownFileType = sourcecode.cpp.cpp; path = SgfcDocumentReadResult.cpp; sourceTree = "<group>"; };
		CD21C49224084D5A00998A14 /* SgfcCommandLine.h */ = {isa = PBXFileReference; fileEncoding = 4; lastKnownFileType = sourcecode.c.h; path = SgfcCommandLine.h; sourceTree = "<group>"; };
		CD21C49424084D5A00998A14 /* SgfcMessageStream.cpp */ = {isa = PBXFileReference; fileEncoding = 4; lastKnownFileType = sourcecode.cpp.cpp; path = SgfcMessageStream.cpp; sourceTree = "<group>"; };
		CD21C49524084D5A00998A14 /* SgfcMessage.cpp */ = {isa = PBXFileReference; fileEncoding = 4; lastKnownFileType = sourcecode.cpp.cpp; path = SgfcMessage.cpp; sourceTree = "<group>"; };
		CD21C49624084D5A00998A14 /* SgfcMessageParser.cpp */ = {isa = PBXFileReference; fileEncoding = 4; lastKnownFileType = sourcecode.cpp.cpp; path = SgfcMessageParser.cpp; sourceTree = "<group>"; };
		CD21C49724084D5A00998A14 /* SgfcMessageStream.h */ = {isa = PBXFileReference; fileEncoding = 4; lastKnownFileType = sourcecode.c.h; path = SgfcMessageStream.h; sourceTree = "<group>"; };
		CD21C49824084D5A00998A14 /* SgfcMessage.h */ = {isa = PBXFileReference; fileEncoding = 4; lastKnownFileType = sourcecode.c.h; path = SgfcMessage.h; sourceTree = "<group>"; };
		CD21C49924084D5A00998A14 /* SgfcMessageParser.h */ = {isa = PBXFileReference; fileEncoding = 4; lastKnownFileType = sourcecode.c.h; path = SgfcMessageParser.h; sourceTree = "<group>"; };
		CD21C49A24084D5A00998A14 /* SgfcMessagePart.h */ = {isa = PBXFileReference; fileEncoding = 4; lastKnownFileType = sourcecode.c.h; path = SgfcMessagePart.h; sourceTree = "<group>"; };
		CD21C49C24084D5A00998A14 /* SgfcBackendSaveResult.h */ = {isa = PBXFileReference; fileEncoding = 4; lastKnownFileType = sourcecode.c.h; path = SgfcBackendSaveResult.h; sourceTree = "<group>"; };
		CD21C49D24084D5A00998A14 /* SgfcBackendDataWrapper.h */ = {isa = PBXFileReference; fileEncoding = 4; lastKnownFileType = sourcecode.c.h; path = SgfcBackendDataWrapper.h; sourceTree = "<group>"; };
		CD21C49E24084D5A00998A14 /* SgfcBackendController.cpp */ = {isa = PBXFileReference; fileEncoding = 4; lastKnownFileType = sourcecode.cpp.cpp; path = SgfcBackendController.cpp; sourceTree = "<group>"; };
		CD21C49F24084D5A00998A14 /* SgfcBackendSaveResult.cpp */ = {isa = PBXFileReference; fileEncoding = 4; lastKnownFileType = sourcecode.cpp.cpp; path = SgfcBackendSaveResult.cpp; sourceTree = "<group>"; };
		CD21C4A024084D5A00998A14 /* SgfcBackendLoadResult.cpp */ = {isa = PBXFileReference; fileEncoding = 4; lastKnownFileType = sourcecode.cpp.cpp; path = SgfcBackendLoadResult.cpp; sourceTree = "<group>"; };
		CD21C4A124084D5A00998A14 /* SgfcOptions.cpp */ = {isa = PBXFileReference; fileEncoding = 4; lastKnownFileType = sourcecode.cpp.cpp; path = SgfcOptions.cpp; sourceTree = "<group>"; };
		CD21C4A224084D5A00998A14 /* SgfcBackendDataWrapper.cpp */ = {isa = PBXFileReference; fileEncoding = 4; lastKnownFileType = sourcecode.cpp.cpp; path = SgfcBackendDataWrapper.cpp; sourceTree = "<group>"; };
		CD21C4A324084D5A00998A14 /* SgfcOptions.h */ = {isa = PBXFileReference; fileEncoding = 4; lastKnownFileType = sourcecode.c.h; path = SgfcOptions.h; sourceTree = "<group>"; };
		CD21C4A424084D5A00998A14 /* SgfcBackendController.h */ = {isa = PBXFileReference; fileEncoding = 4; lastKnownFileType = sourcecode.c.h; path = SgfcBackendController.h; sourceTree = "<group>"; };
		CD21C4A524084D5A00998A14 /* SgfcBackendLoadResult.h */ = {isa = PBXFileReference; fileEncoding = 4; lastKnownFileType = sourcecode.c.h; path = SgfcBackendLoadResult.h; sourceTree = "<group>"; };
		CD21C4A724084D5B00998A14 /* SgfcProperty.h */ = {isa = PBXFileReference; fileEncoding = 4; lastKnownFileType = sourcecode.c.h; path = SgfcProperty.h; sourceTree = "<group>"; };
		CD21C4A824084D5B00998A14 /* SgfcProperty.cpp */ = {isa = PBXFileReference; fileEncoding = 4; lastKnownFileType = sourcecode.cpp.cpp; path = SgfcProperty.cpp; sourceTree = "<group>"; };
		CD21C4A924084D5B00998A14 /* SgfcNode.cpp */ = {isa = PBXFileReference; fileEncoding = 4; lastKnownFileType = sourcecode.cpp.cpp; path = SgfcNode.cpp; sourceTree = "<group>"; };
		CD21C4AA24084D5B00998A14 /* SgfcNode.h */ = {isa = PBXFileReference; fileEncoding = 4; lastKnownFileType = sourcecode.c.h; path = SgfcNode.h; sourceTree = "<group>"; };
		CD21C4AB24084D5B00998A14 /* SgfcComposedPropertyValue.h */ = {isa = PBXFileReference; fileEncoding = 4; lastKnownFileType = sourcecode.c.h; path = SgfcComposedPropertyValue.h; sourceTree = "<group>"; };
		CD21C4AC24084D5B00998A14 /* SgfcDocument.h */ = {isa = PBXFileReference; fileEncoding = 4; lastKnownFileType = sourcecode.c.h; path = SgfcDocument.h; sourceTree = "<group>"; };
		CD21C4AD24084D5B00998A14 /* SgfcComposedPropertyValue.cpp */ = {isa = PBXFileReference; fileEncoding = 4; lastKnownFileType = sourcecode.cpp.cpp; path = SgfcComposedPropertyValue.cpp; sourceTree = "<group>"; };
		CD21C4AE24084D5B00998A14 /* SgfcGame.cpp */ = {isa = PBXFileReference; fileEncoding = 4; lastKnownFileType = sourcecode.cpp.cpp; path = SgfcGame.cpp; sourceTree = "<group>"; };
		CD21C4AF24084D5B00998A14 /* SgfcSinglePropertyValue.cpp */ = {isa = PBXFileReference; fileEncoding = 4; lastKnownFileType = sourcecode.cpp.cpp; path = SgfcSinglePropertyValue.cpp; sourceTree = "<group>"; };
		CD21C4B024084D5B00998A14 /* SgfcDocument.cpp */ = {isa = PBXFileReference; fileEncoding = 4; lastKnownFileType = sourcecode.cpp.cpp; path = SgfcDocument.cpp; sourceTree = "<group>"; };
		CD21C4B124084D5B00998A14 /* SgfcGame.h */ = {isa = PBXFileReference; fileEncoding = 4; lastKnownFileType = sourcecode.c.h; path = SgfcGame.h; sourceTree = "<group>"; };
		CD21C4B324084D5B00998A14 /* SgfcNumberPropertyValue.h */ = {isa = PBXFileReference; fileEncoding = 4; lastKnownFileType = sourcecode.c.h; path = SgfcNumberPropertyValue.h; sourceTree = "<group>"; };
		CD21C4B424084D5B00998A14 /* SgfcStonePropertyValue.cpp */ = {isa = PBXFileReference; fileEncoding = 4; lastKnownFileType = sourcecode.cpp.cpp; path = SgfcStonePropertyValue.cpp; sourceTree = "<group>"; };
		CD21C4B524084D5B00998A14 /* SgfcMovePropertyValue.cpp */ = {isa = PBXFileReference; fileEncoding = 4; lastKnownFileType = sourcecode.cpp.cpp; path = SgfcMovePropertyValue.cpp; sourceTree = "<group>"; };
		CD21C4B624084D5B00998A14 /* SgfcNumberPropertyValue.cpp */ = {isa = PBXFileReference; fileEncoding = 4; lastKnownFileType = sourcecode.cpp.cpp; path = SgfcNumberPropertyValue.cpp; sourceTree = "<group>"; };
		CD21C4B724084D5B00998A14 /* SgfcTextPropertyValue.cpp */ = {isa = PBXFileReference; fileEncoding = 4; lastKnownFileType = sourcecode.cpp.cpp; path = SgfcTextPropertyValue.cpp; sourceTree = "<group>"; };
		CD21C4B824084D5B00998A14 /* SgfcSimpleTextPropertyValue.cpp */ = {isa = PBXFileReference; fileEncoding = 4; lastKnownFileType = sourcecode.cpp.cpp; path = SgfcSimpleTextPropertyValue.cpp; sourceTree = "<group>"; };
		CD21C4B924084D5B00998A14 /* SgfcDoublePropertyValue.cpp */ = {isa = PBXFileReference; fileEncoding = 4; lastKnownFileType = sourcecode.cpp.cpp; path = SgfcDoublePropertyValue.cpp; sourceTree = "<group>"; };
		CD21C4BA24084D5B00998A14 /* SgfcSimpleTextPropertyValue.h */ = {isa = PBXFileReference; fileEncoding = 4; lastKnownFileType = sourcecode.c.h; path = SgfcSimpleTextPropertyValue.h; sourceTree = "<group>"; };
		CD21C4BB24084D5B00998A14 /* SgfcUnknownPropertyValue.cpp */ = {isa = PBXFileReference; fileEncoding = 4; lastKnownFileType = sourcecode.cpp.cpp; path = SgfcUnknownPropertyValue.cpp; sourceTree = "<group>"; };
		CD21C4BC24084D5B00998A14 /* SgfcUnknownPropertyValue.h */ = {isa = PBXFileReference; fileEncoding = 4; lastKnownFileType = sourcecode.c.h; path = SgfcUnknownPropertyValue.h; sourceTree = "<group>"; };
		CD21C4BD24084D5B00998A14 /* SgfcMovePropertyValue.h */ = {isa = PBXFileReference; fileEncoding = 4; lastKnownFileType = sourcecode.c.h; path = SgfcMovePropertyValue.h; sourceTree = "<group>"; };
		CD21C4BE24084D5B00998A14 /* SgfcColorPropertyValue.h */ = {isa = PBXFileReference; fileEncoding = 4; lastKnownFileType = sourcecode.c.h; path = SgfcColorPropertyValue.h; sourceTree = "<group>"; };
		CD21C4BF24084D5B00998A14 /* SgfcTextPropertyValue.h */ = {isa = PBXFileReference; fileEncoding = 4; lastKnownFileType = sourcecode.c.h; path = SgfcTextPropertyValue.h; sourceTree = "<group>"; };
		CD21C4C024084D5B00998A14 /* SgfcRealPropertyValue.cpp */ = {isa = PBXFileReference; fileEncoding = 4; lastKnownFileType = sourcecode.cpp.cpp; path = SgfcRealPropertyValue.cpp; sourceTree = "<group>"; };
		CD21C4C124084D5B00998A14 /* SgfcPointPropertyValue.cpp */ = {isa = PBXFileReference; fileEncoding = 4; lastKnownFileType = sourcecode.cpp.cpp; path = SgfcPointPropertyValue.cpp; sourceTree = "<group>"; };
		CD21C4C224084D5B00998A14 /* SgfcDoublePropertyValue.h */ = {isa = PBXFileReference; fileEncoding = 4; lastKnownFileType = sourcecode.c.h; path = SgfcDoublePropertyValue.h; sourceTree = "<group>"; };
		CD21C4C324084D5B00998A14 /* SgfcPointPropertyValue.h */ = {isa = PBXFileReference; fileEncoding = 4; lastKnownFileType = sourcecode.c.h; path = SgfcPointPropertyValue.h; sourceTree = "<group>"; };
		CD21C4C424084D5B00998A14 /* SgfcRealPropertyValue.h */ = {isa = PBXFileReference; fileEncoding = 4; lastKnownFileType = sourcecode.c.h; path = SgfcRealPropertyValue.h; sourceTree = "<group>"; };
		CD21C4C524084D5B00998A14 /* SgfcColorPropertyValue.cpp */ = {isa = PBXFileReference; fileEncoding = 4; lastKnownFileType = sourcecode.cpp.cpp; path = SgfcColorPropertyValue.cpp; sourceTree = "<group>"; };
		CD21C4C624084D5B00998A14 /* SgfcStonePropertyValue.h */ = {isa = PBXFileReference; fileEncoding = 4; lastKnownFileType = sourcecode.c.h; path = SgfcStonePropertyValue.h; sourceTree = "<group>"; };
		CD21C4C724084D5B00998A14 /* SgfcSinglePropertyValue.h */ = {isa = PBXFileReference; fileEncoding = 4; lastKnownFileType = sourcecode.c.h; path = SgfcSinglePropertyValue.h; sourceTree = "<group>"; };
		CD21C4C824084D5B00998A14 /* SgfcPlusPlusFactory.cpp */ = {isa = PBXFileReference; fileEncoding = 4; lastKnownFileType = sourcecode.cpp.cpp; path = SgfcPlusPlusFactory.cpp; sourceTree = "<group>"; };
		CD21C4CB24084D5B00998A14 /* ISgfcRealPropertyValue.cpp */ = {isa = PBXFileReference; fileEncoding = 4; lastKnownFileType = sourcecode.cpp.cpp; path = ISgfcRealPropertyValue.cpp; sourceTree = "<group>"; };
		CD21C4CC24084D5B00998A14 /* ISgfcNumberPropertyValue.cpp */ = {isa = PBXFileReference; fileEncoding = 4; lastKnownFileType = sourcecode.cpp.cpp; path = ISgfcNumberPropertyValue.cpp; sourceTree = "<group>"; };
		CD21C4CD24084D5B00998A14 /* ISgfcProperty.cpp */ = {isa = PBXFileReference; fileEncoding = 4; lastKnownFileType = sourcecode.cpp.cpp; path = ISgfcProperty.cpp; sourceTree = "<group>"; };
		CD21C4CE24084D5B00998A14 /* ISgfcComposedPropertyValue.cpp */ = {isa = PBXFileReference; fileEncoding = 4; lastKnownFileType = sourcecode.cpp.cpp; path = ISgfcComposedPropertyValue.cpp; sourceTree = "<group>"; };
		CD21C4CF24084D5B00998A14 /* ISgfcDoublePropertyValue.cpp */ = {isa = PBXFileReference; fileEncoding = 4; lastKnownFileType = sourcecode.cpp.cpp; path = ISgfcDoublePropertyValue.cpp; sourceTree = "<group>"; };
		CD21C4D024084D5B00998A14 /* ISgfcStonePropertyValue.cpp */ = {isa = PBXFileReference; fileEncoding = 4; lastKnownFileType = sourcecode.cpp.cpp; path = ISgfcStonePropertyValue.cpp; sourceTree = "<group>"; };
		CD21C4D124084D5B00998A14 /* ISgfcMessage.cpp */ = {isa = PBXFileReference; fileEncoding = 4; lastKnownFileType = sourcecode.cpp.cpp; path = ISgfcMessage.cpp; sourceTree = "<group>"; };
		CD21C4D224084D5B00998A14 /* ISgfcGame.cpp */ = {isa = PBXFileReference; fileEncoding = 4; lastKnownFileType = sourcecode.cpp.cpp; path = ISgfcGame.cpp; sourceTree = "<group>"; };
		CD21C4D324084D5B00998A14 /* ISgfcDocument.cpp */ = {isa = PBXFileReference; fileEncoding = 4; lastKnownFileType = sourcecode.cpp.cpp; path = ISgfcDocument.cpp; sourceTree = "<group>"; };
		CD21C4D424084D5B00998A14 /* ISgfcPointPropertyValue.cpp */ = {isa = PBXFileReference; fileEncoding = 4; lastKnownFileType = sourcecode.cpp.cpp; path = ISgfcPointPropertyValue.cpp; sourceTree = "<group>"; };
		CD21C4D524084D5B00998A14 /* ISgfcMovePropertyValue.cpp */ = {isa = PBXFileReference; fileEncoding = 4; lastKnownFileType = sourcecode.cpp.cpp; path = ISgfcMovePropertyValue.cpp; sourceTree = "<group>"; };
		CD21C4D624084D5B00998A14 /* ISgfcDocumentReader.cpp */ = {isa = PBXFileReference; fileEncoding = 4; lastKnownFileType = sourcecode.cpp.cpp; path = ISgfcDocumentReader.cpp; sourceTree = "<group>"; };
		CD21C4D724084D5B00998A14 /* ISgfcTextPropertyValue.cpp */ = {isa = PBXFileReference; fileEncoding = 4; lastKnownFileType = sourcecode.cpp.cpp; path = ISgfcTextPropertyValue.cpp; sourceTree = "<group>"; };
		CD21C4D824084D5B00998A14 /* ISgfcPropertyValue.cpp */ = {isa = PBXFileReference; fileEncoding = 4; lastKnownFileType = sourcecode.cpp.cpp; path = ISgfcPropertyValue.cpp; sourceTree = "<group>"; };
		CD21C4D924084D5B00998A14 /* ISgfcSinglePropertyValue.cpp */ = {isa = PBXFileReference; fileEncoding = 4; lastKnownFileType = sourcecode.cpp.cpp; path = ISgfcSinglePropertyValue.cpp; sourceTree = "<group>"; };
		CD21C4DA24084D5B00998A14 /* ISgfcSimpleTextPropertyValue.cpp */ = {isa = PBXFileReference; fileEncoding = 4; lastKnownFileType = sourcecode.cpp.cpp; path = ISgfcSimpleTextPropertyValue.cpp; sourceTree = "<group>"; };
		CD21C4DB24084D5B00998A14 /* ISgfcColorPropertyValue.cpp */ = {isa = PBXFileReference; fileEncoding = 4; lastKnownFileType = sourcecode.cpp.cpp; path = ISgfcColorPropertyValue.cpp; sourceTree = "<group>"; };
		CD21C4DC24084D5B00998A14 /* ISgfcNode.cpp */ = {isa = PBXFileReference; fileEncoding = 4; lastKnownFileType = sourcecode.cpp.cpp; path = ISgfcNode.cpp; sourceTree = "<group>"; };
		CD21C4DD24084D5B00998A14 /* ISgfcDocumentReadResult.cpp */ = {isa = PBXFileReference; fileEncoding = 4; lastKnownFileType = sourcecode.cpp.cpp; path = ISgfcDocumentReadResult.cpp; sourceTree = "<group>"; };
		CD21C4DE24084D5B00998A14 /* ISgfcCommandLine.cpp */ = {isa = PBXFileReference; fileEncoding = 4; lastKnownFileType = sourcecode.cpp.cpp; path = ISgfcCommandLine.cpp; sourceTree = "<group>"; };
		CD21C4E024084D5B00998A14 /* ISgfcPropertyValueTypeDescriptor.h */ = {isa = PBXFileReference; fileEncoding = 4; lastKnownFileType = sourcecode.c.h; path = ISgfcPropertyValueTypeDescriptor.h; sourceTree = "<group>"; };
		CD21C4E124084D5B00998A14 /* ISgfcPropertyValueTypeDescriptor.cpp */ = {isa = PBXFileReference; fileEncoding = 4; lastKnownFileType = sourcecode.cpp.cpp; path = ISgfcPropertyValueTypeDescriptor.cpp; sourceTree = "<group>"; };
		CD21C4E224084D5B00998A14 /* SgfcUtility.cpp */ = {isa = PBXFileReference; fileEncoding = 4; lastKnownFileType = sourcecode.cpp.cpp; path = SgfcUtility.cpp; sourceTree = "<group>"; };
		CD21C4E324084D5B00998A14 /* SgfcUtility.h */ = {isa = PBXFileReference; fileEncoding = 4; lastKnownFileType = sourcecode.c.h; path = SgfcUtility.h; sourceTree = "<group>"; };
		CD21C4E424084D5B00998A14 /* SgfcConstants.h */ = {isa = PBXFileReference; fileEncoding = 4; lastKnownFileType = sourcecode.c.h; path = SgfcConstants.h; sourceTree = "<group>"; };
		CD21C4E524084D5B00998A14 /* SgfcConstants.cpp */ = {isa = PBXFileReference; fileEncoding = 4; lastKnownFileType = sourcecode.cpp.cpp; path = SgfcConstants.cpp; sourceTree = "<group>"; };
		CD21C545240C10B300998A14 /* SgfcTypedefs.h */ = {isa = PBXFileReference; fileEncoding = 4; lastKnownFileType = sourcecode.c.h; path = SgfcTypedefs.h; sourceTree = "<group>"; };
		CD21C547240C188200998A14 /* ISgfcGoMovePropertyValue.h */ = {isa = PBXFileReference; fileEncoding = 4; lastKnownFileType = sourcecode.c.h; path = ISgfcGoMovePropertyValue.h; sourceTree = "<group>"; };
		CD21C549240C195A00998A14 /* ISgfcGoPointPropertyValue.h */ = {isa = PBXFileReference; fileEncoding = 4; lastKnownFileType = sourcecode.c.h; path = ISgfcGoPointPropertyValue.h; sourceTree = "<group>"; };
		CD21C54B240C31A500998A14 /* ISgfcGoPoint.h */ = {isa = PBXFileReference; fileEncoding = 4; lastKnownFileType = sourcecode.c.h; path = ISgfcGoPoint.h; sourceTree = "<group>"; };
		CD21C54D240C4B0200998A14 /* SgfcCoordinateSystem.h */ = {isa = PBXFileReference; fileEncoding = 4; lastKnownFileType = sourcecode.c.h; path = SgfcCoordinateSystem.h; sourceTree = "<group>"; };
		CD21C54F240C4C8300998A14 /* SgfcGoPointNotation.h */ = {isa = PBXFileReference; fileEncoding = 4; lastKnownFileType = sourcecode.c.h; path = SgfcGoPointNotation.h; sourceTree = "<group>"; };
		CD21C551240C546E00998A14 /* ISgfcGoPointPropertyValue.cpp */ = {isa = PBXFileReference; fileEncoding = 4; lastKnownFileType = sourcecode.cpp.cpp; path = ISgfcGoPointPropertyValue.cpp; sourceTree = "<group>"; };
		CD21C553240C547E00998A14 /* ISgfcGoPoint.cpp */ = {isa = PBXFileReference; fileEncoding = 4; lastKnownFileType = sourcecode.cpp.cpp; path = ISgfcGoPoint.cpp; sourceTree = "<group>"; };
		CD21C556240C551800998A14 /* SgfcGoPointPropertyValue.cpp */ = {isa = PBXFileReference; lastKnownFileType = sourcecode.cpp.cpp; path = SgfcGoPointPropertyValue.cpp; sourceTree = "<group>"; };
		CD21C557240C551800998A14 /* SgfcGoPointPropertyValue.h */ = {isa = PBXFileReference; lastKnownFileType = sourcecode.c.h; path = SgfcGoPointPropertyValue.h; sourceTree = "<group>"; };
		CD21C55C240C5AF800998A14 /* SgfcGoPoint.cpp */ = {isa = PBXFileReference; fileEncoding = 4; lastKnownFileType = sourcecode.cpp.cpp; path = SgfcGoPoint.cpp; sourceTree = "<group>"; };
		CD21C55D240C5AF800998A14 /* SgfcGoPoint.h */ = {isa = PBXFileReference; fileEncoding = 4; lastKnownFileType = sourcecode.c.h; path = SgfcGoPoint.h; sourceTree = "<group>"; };
		CD21C5602410035700998A14 /* ISgfcGoStonePropertyValue.h */ = {isa = PBXFileReference; fileEncoding = 4; lastKnownFileType = sourcecode.c.h; path = ISgfcGoStonePropertyValue.h; sourceTree = "<group>"; };
		CD21C562241004BE00998A14 /* ISgfcGoMovePropertyValue.cpp */ = {isa = PBXFileReference; fileEncoding = 4; lastKnownFileType = sourcecode.cpp.cpp; path = ISgfcGoMovePropertyValue.cpp; sourceTree = "<group>"; };
		CD21C564241004C700998A14 /* ISgfcGoStonePropertyValue.cpp */ = {isa = PBXFileReference; fileEncoding = 4; lastKnownFileType = sourcecode.cpp.cpp; path = ISgfcGoStonePropertyValue.cpp; sourceTree = "<group>"; };
		CD21C5662410053000998A14 /* SgfcGoMovePropertyValue.h */ = {isa = PBXFileReference; fileEncoding = 4; lastKnownFileType = sourcecode.c.h; path = SgfcGoMovePropertyValue.h; sourceTree = "<group>"; };
		CD21C5672410053000998A14 /* SgfcGoMovePropertyValue.cpp */ = {isa = PBXFileReference; fileEncoding = 4; lastKnownFileType = sourcecode.cpp.cpp; path = SgfcGoMovePropertyValue.cpp; sourceTree = "<group>"; };
		CD21C56A2410053500998A14 /* SgfcGoStonePropertyValue.h */ = {isa = PBXFileReference; fileEncoding = 4; lastKnownFileType = sourcecode.c.h; path = SgfcGoStonePropertyValue.h; sourceTree = "<group>"; };
		CD21C56B2410053600998A14 /* SgfcGoStonePropertyValue.cpp */ = {isa = PBXFileReference; fileEncoding = 4; lastKnownFileType = sourcecode.cpp.cpp; path = SgfcGoStonePropertyValue.cpp; sourceTree = "<group>"; };
		CD21C56E241006A100998A14 /* ISgfcGoStone.h */ = {isa = PBXFileReference; fileEncoding = 4; lastKnownFileType = sourcecode.c.h; path = ISgfcGoStone.h; sourceTree = "<group>"; };
		CD21C570241008B400998A14 /* ISgfcGoStone.cpp */ = {isa = PBXFileReference; fileEncoding = 4; lastKnownFileType = sourcecode.cpp.cpp; path = ISgfcGoStone.cpp; sourceTree = "<group>"; };
		CD21C572241008DB00998A14 /* SgfcGoStone.cpp */ = {isa = PBXFileReference; fileEncoding = 4; lastKnownFileType = sourcecode.cpp.cpp; path = SgfcGoStone.cpp; sourceTree = "<group>"; };
		CD21C573241008DB00998A14 /* SgfcGoStone.h */ = {isa = PBXFileReference; fileEncoding = 4; lastKnownFileType = sourcecode.c.h; path = SgfcGoStone.h; sourceTree = "<group>"; };
		CD21C576241015C100998A14 /* ISgfcGoMove.h */ = {isa = PBXFileReference; fileEncoding = 4; lastKnownFileType = sourcecode.c.h; path = ISgfcGoMove.h; sourceTree = "<group>"; };
		CD21C5782410197F00998A14 /* ISgfcGoMove.cpp */ = {isa = PBXFileReference; fileEncoding = 4; lastKnownFileType = sourcecode.cpp.cpp; path = ISgfcGoMove.cpp; sourceTree = "<group>"; };
		CD21C57A241019AA00998A14 /* SgfcGoMove.cpp */ = {isa = PBXFileReference; fileEncoding = 4; lastKnownFileType = sourcecode.cpp.cpp; path = SgfcGoMove.cpp; sourceTree = "<group>"; };
		CD21C57B241019AB00998A14 /* SgfcGoMove.h */ = {isa = PBXFileReference; fileEncoding = 4; lastKnownFileType = sourcecode.c.h; path = SgfcGoMove.h; sourceTree = "<group>"; };
		CD21C57E241037BF00998A14 /* ISgfcDocumentWriter.h */ = {isa = PBXFileReference; fileEncoding = 4; lastKnownFileType = sourcecode.c.h; path = ISgfcDocumentWriter.h; sourceTree = "<group>"; };
		CD21C58024103C9C00998A14 /* ISgfcDocumentWriteResult.h */ = {isa = PBXFileReference; fileEncoding = 4; lastKnownFileType = sourcecode.c.h; path = ISgfcDocumentWriteResult.h; sourceTree = "<group>"; };
		CD21C58224103D9F00998A14 /* SgfcDocumentWriter.cpp */ = {isa = PBXFileReference; fileEncoding = 4; lastKnownFileType = sourcecode.cpp.cpp; path = SgfcDocumentWriter.cpp; sourceTree = "<group>"; };
		CD21C58324103D9F00998A14 /* SgfcDocumentWriter.h */ = {isa = PBXFileReference; fileEncoding = 4; lastKnownFileType = sourcecode.c.h; path = SgfcDocumentWriter.h; sourceTree = "<group>"; };
		CD21C58624103E8000998A14 /* SgfcDocumentWriteResult.cpp */ = {isa = PBXFileReference; fileEncoding = 4; lastKnownFileType = sourcecode.cpp.cpp; path = SgfcDocumentWriteResult.cpp; sourceTree = "<group>"; };
		CD21C58724103E8000998A14 /* SgfcDocumentWriteResult.h */ = {isa = PBXFileReference; fileEncoding = 4; lastKnownFileType = sourcecode.c.h; path = SgfcDocumentWriteResult.h; sourceTree = "<group>"; };
		CD21C58A2410427300998A14 /* ISgfcDocumentWriteResult.cpp */ = {isa = PBXFileReference; fileEncoding = 4; lastKnownFileType = sourcecode.cpp.cpp; path = ISgfcDocumentWriteResult.cpp; sourceTree = "<group>"; };
		CD21C58B2410427400998A14 /* ISgfcDocumentWriter.cpp */ = {isa = PBXFileReference; fileEncoding = 4; lastKnownFileType = sourcecode.cpp.cpp; path = ISgfcDocumentWriter.cpp; sourceTree = "<group>"; };
		CD72170E23F1C793008373BA /* liblibsgfcplusplus.dylib */ = {isa = PBXFileReference; explicitFileType = "compiled.mach-o.dylib"; includeInIndex = 0; path = liblibsgfcplusplus.dylib; sourceTree = BUILT_PRODUCTS_DIR; };
		CD83227B23F1D1E7009567E4 /* ISgfcCommandLine.h */ = {isa = PBXFileReference; lastKnownFileType = sourcecode.c.h; path = ISgfcCommandLine.h; sourceTree = "<group>"; };
		CD83227C23F1D1E7009567E4 /* SgfcPlusPlusFactory.h */ = {isa = PBXFileReference; lastKnownFileType = sourcecode.c.h; path = SgfcPlusPlusFactory.h; sourceTree = "<group>"; };
		CD83227E23F1D218009567E4 /* gameinfo.c */ = {isa = PBXFileReference; fileEncoding = 4; lastKnownFileType = sourcecode.c.c; path = gameinfo.c; sourceTree = "<group>"; };
		CD83227F23F1D218009567E4 /* CMakeLists.txt */ = {isa = PBXFileReference; fileEncoding = 4; lastKnownFileType = text; path = CMakeLists.txt; sourceTree = "<group>"; };
		CD83228023F1D218009567E4 /* util.c */ = {isa = PBXFileReference; explicitFileType = sourcecode.cpp.cpp; fileEncoding = 4; path = util.c; sourceTree = "<group>"; usesTabs = 1; };
		CD83228123F1D218009567E4 /* strict.c */ = {isa = PBXFileReference; fileEncoding = 4; lastKnownFileType = sourcecode.c.c; path = strict.c; sourceTree = "<group>"; };
		CD83228223F1D218009567E4 /* all.h */ = {isa = PBXFileReference; fileEncoding = 4; lastKnownFileType = sourcecode.c.h; path = all.h; sourceTree = "<group>"; };
		CD83228323F1D218009567E4 /* parse2.c */ = {isa = PBXFileReference; fileEncoding = 4; lastKnownFileType = sourcecode.c.c; path = parse2.c; sourceTree = "<group>"; usesTabs = 1; };
		CD83228423F1D218009567E4 /* Makefile */ = {isa = PBXFileReference; fileEncoding = 4; lastKnownFileType = sourcecode.make; path = Makefile; sourceTree = "<group>"; };
		CD83228523F1D218009567E4 /* execute.c */ = {isa = PBXFileReference; fileEncoding = 4; lastKnownFileType = sourcecode.c.c; path = execute.c; sourceTree = "<group>"; usesTabs = 1; };
		CD83228623F1D218009567E4 /* properties.c */ = {isa = PBXFileReference; fileEncoding = 4; lastKnownFileType = sourcecode.c.c; path = properties.c; sourceTree = "<group>"; usesTabs = 1; };
		CD83228723F1D218009567E4 /* README */ = {isa = PBXFileReference; fileEncoding = 4; lastKnownFileType = text; path = README; sourceTree = "<group>"; };
		CD83228823F1D218009567E4 /* COPYING */ = {isa = PBXFileReference; fileEncoding = 4; lastKnownFileType = text; path = COPYING; sourceTree = "<group>"; };
		CD83228923F1D218009567E4 /* main.c */ = {isa = PBXFileReference; fileEncoding = 4; lastKnownFileType = sourcecode.c.c; path = main.c; sourceTree = "<group>"; usesTabs = 1; };
		CD83228A23F1D218009567E4 /* .gitignore */ = {isa = PBXFileReference; fileEncoding = 4; lastKnownFileType = text; path = .gitignore; sourceTree = "<group>"; };
		CD83228B23F1D218009567E4 /* protos.h */ = {isa = PBXFileReference; fileEncoding = 4; lastKnownFileType = sourcecode.c.h; path = protos.h; sourceTree = "<group>"; };
		CD83228D23F1D218009567E4 /* test-reorder.sgf */ = {isa = PBXFileReference; fileEncoding = 4; lastKnownFileType = text; path = "test-reorder.sgf"; sourceTree = "<group>"; };
		CD83228E23F1D218009567E4 /* test.sgf */ = {isa = PBXFileReference; lastKnownFileType = file; path = test.sgf; sourceTree = "<group>"; };
		CD83228F23F1D218009567E4 /* test-strict.sgf */ = {isa = PBXFileReference; fileEncoding = 4; lastKnownFileType = text; path = "test-strict.sgf"; sourceTree = "<group>"; };
		CD83229023F1D218009567E4 /* parse.c */ = {isa = PBXFileReference; fileEncoding = 4; lastKnownFileType = sourcecode.c.c; path = parse.c; sourceTree = "<group>"; };
		CD83229123F1D218009567E4 /* save.c */ = {isa = PBXFileReference; fileEncoding = 4; lastKnownFileType = sourcecode.c.c; path = save.c; sourceTree = "<group>"; usesTabs = 1; };
		CD83229223F1D218009567E4 /* load.c */ = {isa = PBXFileReference; fileEncoding = 4; lastKnownFileType = sourcecode.c.c; path = load.c; sourceTree = "<group>"; };
		CD8322A623F1D30D009567E4 /* ISgfcMessage.h */ = {isa = PBXFileReference; fileEncoding = 4; lastKnownFileType = sourcecode.c.h; path = ISgfcMessage.h; sourceTree = "<group>"; };
		CD8322AA23F1DAC4009567E4 /* SgfcMessageType.h */ = {isa = PBXFileReference; fileEncoding = 4; lastKnownFileType = sourcecode.c.h; path = SgfcMessageType.h; sourceTree = "<group>"; };
		CD8322C623F48912009567E4 /* SgfcExitCode.h */ = {isa = PBXFileReference; fileEncoding = 4; lastKnownFileType = sourcecode.c.h; path = SgfcExitCode.h; sourceTree = "<group>"; };
		CD8322E623FD9D79009567E4 /* SgfcPropertyValueType.h */ = {isa = PBXFileReference; fileEncoding = 4; lastKnownFileType = sourcecode.c.h; path = SgfcPropertyValueType.h; sourceTree = "<group>"; };
		CD8322E823FDB8F8009567E4 /* SgfcGameType.h */ = {isa = PBXFileReference; fileEncoding = 4; lastKnownFileType = sourcecode.c.h; path = SgfcGameType.h; sourceTree = "<group>"; };
		CD8322EA23FDC859009567E4 /* SgfcPropertyType.h */ = {isa = PBXFileReference; fileEncoding = 4; lastKnownFileType = sourcecode.c.h; path = SgfcPropertyType.h; sourceTree = "<group>"; };
		CD8322EC23FF0ECF009567E4 /* ISgfcDocument.h */ = {isa = PBXFileReference; fileEncoding = 4; lastKnownFileType = sourcecode.c.h; path = ISgfcDocument.h; sourceTree = "<group>"; };
		CD8322EE23FF116F009567E4 /* ISgfcGame.h */ = {isa = PBXFileReference; fileEncoding = 4; lastKnownFileType = sourcecode.c.h; path = ISgfcGame.h; sourceTree = "<group>"; };
		CD8322F023FF135C009567E4 /* ISgfcNode.h */ = {isa = PBXFileReference; fileEncoding = 4; lastKnownFileType = sourcecode.c.h; path = ISgfcNode.h; sourceTree = "<group>"; };
		CD8322F223FF177B009567E4 /* ISgfcPropertyValue.h */ = {isa = PBXFileReference; fileEncoding = 4; lastKnownFileType = sourcecode.c.h; path = ISgfcPropertyValue.h; sourceTree = "<group>"; };
		CD8322F323FF177B009567E4 /* ISgfcProperty.h */ = {isa = PBXFileReference; fileEncoding = 4; lastKnownFileType = sourcecode.c.h; path = ISgfcProperty.h; sourceTree = "<group>"; };
		CD83230023FF27F0009567E4 /* ISgfcDocumentReader.h */ = {isa = PBXFileReference; fileEncoding = 4; lastKnownFileType = sourcecode.c.h; path = ISgfcDocumentReader.h; sourceTree = "<group>"; };
		CD83230223FF2CE7009567E4 /* ISgfcDocumentReadResult.h */ = {isa = PBXFileReference; fileEncoding = 4; lastKnownFileType = sourcecode.c.h; path = ISgfcDocumentReadResult.h; sourceTree = "<group>"; };
/* End PBXFileReference section */

/* Begin PBXFrameworksBuildPhase section */
		CD72170C23F1C793008373BA /* Frameworks */ = {
			isa = PBXFrameworksBuildPhase;
			buildActionMask = 2147483647;
			files = (
			);
			runOnlyForDeploymentPostprocessing = 0;
		};
/* End PBXFrameworksBuildPhase section */

/* Begin PBXGroup section */
		CD21C47C24084D5A00998A14 /* parsing */ = {
			isa = PBXGroup;
			children = (
				CD21C47E24084D5A00998A14 /* propertyvaluetypedescriptor */,
				CD21C47D24084D5A00998A14 /* SgfcPropertyDecoder.cpp */,
				CD21C48A24084D5A00998A14 /* SgfcPropertyDecoder.h */,
			);
			path = parsing;
			sourceTree = "<group>";
		};
		CD21C47E24084D5A00998A14 /* propertyvaluetypedescriptor */ = {
			isa = PBXGroup;
			children = (
				CD21C48524084D5A00998A14 /* SgfcPropertyBasicValueTypeDescriptor.cpp */,
				CD21C48824084D5A00998A14 /* SgfcPropertyBasicValueTypeDescriptor.h */,
				CD21C48124084D5A00998A14 /* SgfcPropertyComposedValueTypeDescriptor.cpp */,
				CD21C48624084D5A00998A14 /* SgfcPropertyComposedValueTypeDescriptor.h */,
				CD21C48224084D5A00998A14 /* SgfcPropertyDualValueTypeDescriptor.cpp */,
				CD21C47F24084D5A00998A14 /* SgfcPropertyDualValueTypeDescriptor.h */,
				CD21C48924084D5A00998A14 /* SgfcPropertyElistValueTypeDescriptor.cpp */,
				CD21C48024084D5A00998A14 /* SgfcPropertyElistValueTypeDescriptor.h */,
				CD21C48724084D5A00998A14 /* SgfcPropertyListValueTypeDescriptor.cpp */,
				CD21C48424084D5A00998A14 /* SgfcPropertyListValueTypeDescriptor.h */,
			);
			path = propertyvaluetypedescriptor;
			sourceTree = "<group>";
		};
		CD21C48B24084D5A00998A14 /* sgfc */ = {
			isa = PBXGroup;
			children = (
				CD21C49B24084D5A00998A14 /* backend */,
				CD21C48C24084D5A00998A14 /* frontend */,
				CD21C49324084D5A00998A14 /* message */,
			);
			path = sgfc;
			sourceTree = "<group>";
		};
		CD21C48C24084D5A00998A14 /* frontend */ = {
			isa = PBXGroup;
			children = (
				CD21C49024084D5A00998A14 /* SgfcCommandLine.cpp */,
				CD21C49224084D5A00998A14 /* SgfcCommandLine.h */,
				CD21C48E24084D5A00998A14 /* SgfcDocumentReader.cpp */,
				CD21C48F24084D5A00998A14 /* SgfcDocumentReader.h */,
				CD21C49124084D5A00998A14 /* SgfcDocumentReadResult.cpp */,
				CD21C48D24084D5A00998A14 /* SgfcDocumentReadResult.h */,
				CD21C58224103D9F00998A14 /* SgfcDocumentWriter.cpp */,
				CD21C58324103D9F00998A14 /* SgfcDocumentWriter.h */,
				CD21C58624103E8000998A14 /* SgfcDocumentWriteResult.cpp */,
				CD21C58724103E8000998A14 /* SgfcDocumentWriteResult.h */,
			);
			path = frontend;
			sourceTree = "<group>";
		};
		CD21C49324084D5A00998A14 /* message */ = {
			isa = PBXGroup;
			children = (
				CD21C49524084D5A00998A14 /* SgfcMessage.cpp */,
				CD21C49824084D5A00998A14 /* SgfcMessage.h */,
				CD21C49624084D5A00998A14 /* SgfcMessageParser.cpp */,
				CD21C49924084D5A00998A14 /* SgfcMessageParser.h */,
				CD21C49424084D5A00998A14 /* SgfcMessageStream.cpp */,
				CD21C49724084D5A00998A14 /* SgfcMessageStream.h */,
			);
			path = message;
			sourceTree = "<group>";
		};
		CD21C49B24084D5A00998A14 /* backend */ = {
			isa = PBXGroup;
			children = (
				CD21C49E24084D5A00998A14 /* SgfcBackendController.cpp */,
				CD21C4A424084D5A00998A14 /* SgfcBackendController.h */,
				CD21C4A224084D5A00998A14 /* SgfcBackendDataWrapper.cpp */,
				CD21C49D24084D5A00998A14 /* SgfcBackendDataWrapper.h */,
				CD21C4A024084D5A00998A14 /* SgfcBackendLoadResult.cpp */,
				CD21C4A524084D5A00998A14 /* SgfcBackendLoadResult.h */,
				CD21C49F24084D5A00998A14 /* SgfcBackendSaveResult.cpp */,
				CD21C49C24084D5A00998A14 /* SgfcBackendSaveResult.h */,
				CD21C4A124084D5A00998A14 /* SgfcOptions.cpp */,
				CD21C4A324084D5A00998A14 /* SgfcOptions.h */,
			);
			path = backend;
			sourceTree = "<group>";
		};
		CD21C4A624084D5B00998A14 /* document */ = {
			isa = PBXGroup;
			children = (
				CD21C4B224084D5B00998A14 /* typedpropertyvalue */,
				CD21C4AD24084D5B00998A14 /* SgfcComposedPropertyValue.cpp */,
				CD21C4AB24084D5B00998A14 /* SgfcComposedPropertyValue.h */,
				CD21C4B024084D5B00998A14 /* SgfcDocument.cpp */,
				CD21C4AC24084D5B00998A14 /* SgfcDocument.h */,
				CD21C4AE24084D5B00998A14 /* SgfcGame.cpp */,
				CD21C4B124084D5B00998A14 /* SgfcGame.h */,
				CD21C4A924084D5B00998A14 /* SgfcNode.cpp */,
				CD21C4AA24084D5B00998A14 /* SgfcNode.h */,
				CD21C4A824084D5B00998A14 /* SgfcProperty.cpp */,
				CD21C4A724084D5B00998A14 /* SgfcProperty.h */,
				CD21C4AF24084D5B00998A14 /* SgfcSinglePropertyValue.cpp */,
				CD21C4C724084D5B00998A14 /* SgfcSinglePropertyValue.h */,
			);
			path = document;
			sourceTree = "<group>";
		};
		CD21C4B224084D5B00998A14 /* typedpropertyvalue */ = {
			isa = PBXGroup;
			children = (
				CD21C555240C551800998A14 /* go */,
				CD21C4C524084D5B00998A14 /* SgfcColorPropertyValue.cpp */,
				CD21C4BE24084D5B00998A14 /* SgfcColorPropertyValue.h */,
				CD21C4B924084D5B00998A14 /* SgfcDoublePropertyValue.cpp */,
				CD21C4C224084D5B00998A14 /* SgfcDoublePropertyValue.h */,
				CD21C4B524084D5B00998A14 /* SgfcMovePropertyValue.cpp */,
				CD21C4BD24084D5B00998A14 /* SgfcMovePropertyValue.h */,
				CD21C4B624084D5B00998A14 /* SgfcNumberPropertyValue.cpp */,
				CD21C4B324084D5B00998A14 /* SgfcNumberPropertyValue.h */,
				CD21C4C124084D5B00998A14 /* SgfcPointPropertyValue.cpp */,
				CD21C4C324084D5B00998A14 /* SgfcPointPropertyValue.h */,
				CD21C4C024084D5B00998A14 /* SgfcRealPropertyValue.cpp */,
				CD21C4C424084D5B00998A14 /* SgfcRealPropertyValue.h */,
				CD21C4B824084D5B00998A14 /* SgfcSimpleTextPropertyValue.cpp */,
				CD21C4BA24084D5B00998A14 /* SgfcSimpleTextPropertyValue.h */,
				CD21C4B424084D5B00998A14 /* SgfcStonePropertyValue.cpp */,
				CD21C4C624084D5B00998A14 /* SgfcStonePropertyValue.h */,
				CD21C4B724084D5B00998A14 /* SgfcTextPropertyValue.cpp */,
				CD21C4BF24084D5B00998A14 /* SgfcTextPropertyValue.h */,
				CD21C4BB24084D5B00998A14 /* SgfcUnknownPropertyValue.cpp */,
				CD21C4BC24084D5B00998A14 /* SgfcUnknownPropertyValue.h */,
			);
			path = typedpropertyvalue;
			sourceTree = "<group>";
		};
		CD21C4C924084D5B00998A14 /* interface */ = {
			isa = PBXGroup;
			children = (
				CD21C4DF24084D5B00998A14 /* internal */,
				CD21C4CA24084D5B00998A14 /* public */,
			);
			path = interface;
			sourceTree = "<group>";
		};
		CD21C4CA24084D5B00998A14 /* public */ = {
			isa = PBXGroup;
			children = (
				CD21C4DB24084D5B00998A14 /* ISgfcColorPropertyValue.cpp */,
				CD21C4DE24084D5B00998A14 /* ISgfcCommandLine.cpp */,
				CD21C4CE24084D5B00998A14 /* ISgfcComposedPropertyValue.cpp */,
				CD21C4D324084D5B00998A14 /* ISgfcDocument.cpp */,
				CD21C4D624084D5B00998A14 /* ISgfcDocumentReader.cpp */,
				CD21C4DD24084D5B00998A14 /* ISgfcDocumentReadResult.cpp */,
				CD21C58B2410427400998A14 /* ISgfcDocumentWriter.cpp */,
				CD21C58A2410427300998A14 /* ISgfcDocumentWriteResult.cpp */,
				CD21C4CF24084D5B00998A14 /* ISgfcDoublePropertyValue.cpp */,
				CD21C4D224084D5B00998A14 /* ISgfcGame.cpp */,
				CD21C5782410197F00998A14 /* ISgfcGoMove.cpp */,
				CD21C562241004BE00998A14 /* ISgfcGoMovePropertyValue.cpp */,
				CD21C553240C547E00998A14 /* ISgfcGoPoint.cpp */,
				CD21C551240C546E00998A14 /* ISgfcGoPointPropertyValue.cpp */,
				CD21C570241008B400998A14 /* ISgfcGoStone.cpp */,
				CD21C564241004C700998A14 /* ISgfcGoStonePropertyValue.cpp */,
				CD21C4D124084D5B00998A14 /* ISgfcMessage.cpp */,
				CD21C4D524084D5B00998A14 /* ISgfcMovePropertyValue.cpp */,
				CD21C4DC24084D5B00998A14 /* ISgfcNode.cpp */,
				CD21C4CC24084D5B00998A14 /* ISgfcNumberPropertyValue.cpp */,
				CD21C4D424084D5B00998A14 /* ISgfcPointPropertyValue.cpp */,
				CD21C4CD24084D5B00998A14 /* ISgfcProperty.cpp */,
				CD21C4D824084D5B00998A14 /* ISgfcPropertyValue.cpp */,
				CD21C4CB24084D5B00998A14 /* ISgfcRealPropertyValue.cpp */,
				CD21C4DA24084D5B00998A14 /* ISgfcSimpleTextPropertyValue.cpp */,
				CD21C4D924084D5B00998A14 /* ISgfcSinglePropertyValue.cpp */,
				CD21C4D024084D5B00998A14 /* ISgfcStonePropertyValue.cpp */,
				CD21C4D724084D5B00998A14 /* ISgfcTextPropertyValue.cpp */,
			);
			path = public;
			sourceTree = "<group>";
		};
		CD21C4DF24084D5B00998A14 /* internal */ = {
			isa = PBXGroup;
			children = (
				CD21C4E124084D5B00998A14 /* ISgfcPropertyValueTypeDescriptor.cpp */,
				CD21C4E024084D5B00998A14 /* ISgfcPropertyValueTypeDescriptor.h */,
				CD21C49A24084D5A00998A14 /* SgfcMessagePart.h */,
				CD21C48324084D5A00998A14 /* SgfcPropertyValueTypeDescriptorType.h */,
			);
			path = internal;
			sourceTree = "<group>";
		};
		CD21C555240C551800998A14 /* go */ = {
			isa = PBXGroup;
			children = (
				CD21C5672410053000998A14 /* SgfcGoMovePropertyValue.cpp */,
				CD21C5662410053000998A14 /* SgfcGoMovePropertyValue.h */,
				CD21C556240C551800998A14 /* SgfcGoPointPropertyValue.cpp */,
				CD21C557240C551800998A14 /* SgfcGoPointPropertyValue.h */,
				CD21C56B2410053600998A14 /* SgfcGoStonePropertyValue.cpp */,
				CD21C56A2410053500998A14 /* SgfcGoStonePropertyValue.h */,
			);
			path = go;
			sourceTree = "<group>";
		};
		CD21C55A240C5AF800998A14 /* game */ = {
			isa = PBXGroup;
			children = (
				CD21C55B240C5AF800998A14 /* go */,
			);
			path = game;
			sourceTree = "<group>";
		};
		CD21C55B240C5AF800998A14 /* go */ = {
			isa = PBXGroup;
			children = (
				CD21C57A241019AA00998A14 /* SgfcGoMove.cpp */,
				CD21C57B241019AB00998A14 /* SgfcGoMove.h */,
				CD21C55C240C5AF800998A14 /* SgfcGoPoint.cpp */,
				CD21C55D240C5AF800998A14 /* SgfcGoPoint.h */,
				CD21C572241008DB00998A14 /* SgfcGoStone.cpp */,
				CD21C573241008DB00998A14 /* SgfcGoStone.h */,
			);
			path = go;
			sourceTree = "<group>";
		};
		CD72170523F1C793008373BA = {
			isa = PBXGroup;
			children = (
				CD83227A23F1D1E7009567E4 /* include */,
				CD83227D23F1D218009567E4 /* sgfc */,
				CD83227523F1D1DB009567E4 /* src */,
				CD72170F23F1C793008373BA /* Products */,
			);
			sourceTree = "<group>";
		};
		CD72170F23F1C793008373BA /* Products */ = {
			isa = PBXGroup;
			children = (
				CD72170E23F1C793008373BA /* liblibsgfcplusplus.dylib */,
			);
			name = Products;
			sourceTree = "<group>";
		};
		CD83227523F1D1DB009567E4 /* src */ = {
			isa = PBXGroup;
			children = (
				CD21C4A624084D5B00998A14 /* document */,
				CD21C55A240C5AF800998A14 /* game */,
				CD21C4C924084D5B00998A14 /* interface */,
				CD21C47C24084D5A00998A14 /* parsing */,
				CD21C48B24084D5A00998A14 /* sgfc */,
				CD21C4E524084D5B00998A14 /* SgfcConstants.cpp */,
				CD21C4E424084D5B00998A14 /* SgfcConstants.h */,
				CD21C4C824084D5B00998A14 /* SgfcPlusPlusFactory.cpp */,
				CD21C4E224084D5B00998A14 /* SgfcUtility.cpp */,
				CD21C4E324084D5B00998A14 /* SgfcUtility.h */,
			);
			path = src;
			sourceTree = "<group>";
		};
		CD83227A23F1D1E7009567E4 /* include */ = {
			isa = PBXGroup;
			children = (
				CD21C4382408095D00998A14 /* ISgfcColorPropertyValue.h */,
				CD83227B23F1D1E7009567E4 /* ISgfcCommandLine.h */,
				CD21C3FE2402B7BE00998A14 /* ISgfcComposedPropertyValue.h */,
				CD8322EC23FF0ECF009567E4 /* ISgfcDocument.h */,
				CD83230023FF27F0009567E4 /* ISgfcDocumentReader.h */,
				CD83230223FF2CE7009567E4 /* ISgfcDocumentReadResult.h */,
				CD21C57E241037BF00998A14 /* ISgfcDocumentWriter.h */,
				CD21C58024103C9C00998A14 /* ISgfcDocumentWriteResult.h */,
				CD21C43A2408096D00998A14 /* ISgfcDoublePropertyValue.h */,
				CD8322EE23FF116F009567E4 /* ISgfcGame.h */,
				CD21C576241015C100998A14 /* ISgfcGoMove.h */,
				CD21C547240C188200998A14 /* ISgfcGoMovePropertyValue.h */,
				CD21C54B240C31A500998A14 /* ISgfcGoPoint.h */,
				CD21C549240C195A00998A14 /* ISgfcGoPointPropertyValue.h */,
				CD21C56E241006A100998A14 /* ISgfcGoStone.h */,
				CD21C5602410035700998A14 /* ISgfcGoStonePropertyValue.h */,
				CD8322A623F1D30D009567E4 /* ISgfcMessage.h */,
				CD21C43C2408097600998A14 /* ISgfcMovePropertyValue.h */,
				CD8322F023FF135C009567E4 /* ISgfcNode.h */,
				CD21C42C2407CEE700998A14 /* ISgfcNumberPropertyValue.h */,
				CD21C43E2408097F00998A14 /* ISgfcPointPropertyValue.h */,
				CD8322F323FF177B009567E4 /* ISgfcProperty.h */,
				CD8322F223FF177B009567E4 /* ISgfcPropertyValue.h */,
				CD21C4412408098D00998A14 /* ISgfcRealPropertyValue.h */,
				CD21C4422408098D00998A14 /* ISgfcSimpleTextPropertyValue.h */,
				CD21C4002402B7E000998A14 /* ISgfcSinglePropertyValue.h */,
				CD21C4432408098D00998A14 /* ISgfcStonePropertyValue.h */,
				CD21C4402408098C00998A14 /* ISgfcTextPropertyValue.h */,
				CD21C44A2408104300998A14 /* SgfcColor.h */,
				CD21C54D240C4B0200998A14 /* SgfcCoordinateSystem.h */,
				CD21C44824080D3F00998A14 /* SgfcDouble.h */,
				CD8322C623F48912009567E4 /* SgfcExitCode.h */,
				CD8322E823FDB8F8009567E4 /* SgfcGameType.h */,
				CD21C54F240C4C8300998A14 /* SgfcGoPointNotation.h */,
				CD8322AA23F1DAC4009567E4 /* SgfcMessageType.h */,
				CD83227C23F1D1E7009567E4 /* SgfcPlusPlusFactory.h */,
				CD8322EA23FDC859009567E4 /* SgfcPropertyType.h */,
				CD8322E623FD9D79009567E4 /* SgfcPropertyValueType.h */,
				CD21C545240C10B300998A14 /* SgfcTypedefs.h */,
			);
			path = include;
			sourceTree = "<group>";
		};
		CD83227D23F1D218009567E4 /* sgfc */ = {
			isa = PBXGroup;
			children = (
				CD83227E23F1D218009567E4 /* gameinfo.c */,
				CD83227F23F1D218009567E4 /* CMakeLists.txt */,
				CD83228023F1D218009567E4 /* util.c */,
				CD83228123F1D218009567E4 /* strict.c */,
				CD83228223F1D218009567E4 /* all.h */,
				CD83228323F1D218009567E4 /* parse2.c */,
				CD83228423F1D218009567E4 /* Makefile */,
				CD83228523F1D218009567E4 /* execute.c */,
				CD83228623F1D218009567E4 /* properties.c */,
				CD83228723F1D218009567E4 /* README */,
				CD83228823F1D218009567E4 /* COPYING */,
				CD83228923F1D218009567E4 /* main.c */,
				CD83228A23F1D218009567E4 /* .gitignore */,
				CD83228B23F1D218009567E4 /* protos.h */,
				CD83228C23F1D218009567E4 /* test-files */,
				CD83229023F1D218009567E4 /* parse.c */,
				CD83229123F1D218009567E4 /* save.c */,
				CD83229223F1D218009567E4 /* load.c */,
			);
			path = sgfc;
			sourceTree = "<group>";
		};
		CD83228C23F1D218009567E4 /* test-files */ = {
			isa = PBXGroup;
			children = (
				CD83228D23F1D218009567E4 /* test-reorder.sgf */,
				CD83228E23F1D218009567E4 /* test.sgf */,
				CD83228F23F1D218009567E4 /* test-strict.sgf */,
			);
			path = "test-files";
			sourceTree = "<group>";
		};
/* End PBXGroup section */

/* Begin PBXHeadersBuildPhase section */
		CD72170A23F1C793008373BA /* Headers */ = {
			isa = PBXHeadersBuildPhase;
			buildActionMask = 2147483647;
			files = (
				CD8322F423FF177B009567E4 /* ISgfcPropertyValue.h in Headers */,
				CD21C559240C5AB000998A14 /* SgfcGoPointPropertyValue.h in Headers */,
				CD21C51F24084D5B00998A14 /* SgfcMovePropertyValue.h in Headers */,
				CD21C43B2408096D00998A14 /* ISgfcDoublePropertyValue.h in Headers */,
				CD21C56C2410053600998A14 /* SgfcGoStonePropertyValue.h in Headers */,
				CD21C53F24084D5B00998A14 /* ISgfcPropertyValueTypeDescriptor.h in Headers */,
				CD8322F123FF135C009567E4 /* ISgfcNode.h in Headers */,
				CD21C546240C10B300998A14 /* SgfcTypedefs.h in Headers */,
				CD21C52824084D5B00998A14 /* SgfcStonePropertyValue.h in Headers */,
				CD21C42D2407CEE700998A14 /* ISgfcNumberPropertyValue.h in Headers */,
				CD21C4452408098D00998A14 /* ISgfcRealPropertyValue.h in Headers */,
				CD21C4E824084D5B00998A14 /* SgfcPropertyElistValueTypeDescriptor.h in Headers */,
				CD21C4FE24084D5B00998A14 /* SgfcMessageParser.h in Headers */,
				CD8322ED23FF0ECF009567E4 /* ISgfcDocument.h in Headers */,
				CD8322E923FDB8F8009567E4 /* SgfcGameType.h in Headers */,
				CD21C58124103C9D00998A14 /* ISgfcDocumentWriteResult.h in Headers */,
				CD21C4FC24084D5B00998A14 /* SgfcMessageStream.h in Headers */,
				CD21C50F24084D5B00998A14 /* SgfcDocument.h in Headers */,
				CD21C50724084D5B00998A14 /* SgfcOptions.h in Headers */,
				CD21C52124084D5B00998A14 /* SgfcTextPropertyValue.h in Headers */,
				CD21C4012402B7E000998A14 /* ISgfcSinglePropertyValue.h in Headers */,
				CD21C51C24084D5B00998A14 /* SgfcSimpleTextPropertyValue.h in Headers */,
				CD21C51424084D5B00998A14 /* SgfcGame.h in Headers */,
				CD21C5682410053000998A14 /* SgfcGoMovePropertyValue.h in Headers */,
				CD21C57D241019AB00998A14 /* SgfcGoMove.h in Headers */,
				CD21C51524084D5B00998A14 /* SgfcNumberPropertyValue.h in Headers */,
				CD21C50A24084D5B00998A14 /* SgfcProperty.h in Headers */,
				CD83230123FF27F0009567E4 /* ISgfcDocumentReader.h in Headers */,
				CD83230323FF2CE7009567E4 /* ISgfcDocumentReadResult.h in Headers */,
				CD21C52524084D5B00998A14 /* SgfcPointPropertyValue.h in Headers */,
				CD21C577241015C100998A14 /* ISgfcGoMove.h in Headers */,
				CD21C4EB24084D5B00998A14 /* SgfcPropertyValueTypeDescriptorType.h in Headers */,
				CD8322EB23FDC859009567E4 /* SgfcPropertyType.h in Headers */,
				CD8322C723F48912009567E4 /* SgfcExitCode.h in Headers */,
				CD21C3FF2402B7BE00998A14 /* ISgfcComposedPropertyValue.h in Headers */,
				CD21C4E724084D5B00998A14 /* SgfcPropertyDualValueTypeDescriptor.h in Headers */,
				CD21C52624084D5B00998A14 /* SgfcRealPropertyValue.h in Headers */,
				CD21C44924080D3F00998A14 /* SgfcDouble.h in Headers */,
				CD21C4F824084D5B00998A14 /* SgfcCommandLine.h in Headers */,
				CD21C51E24084D5B00998A14 /* SgfcUnknownPropertyValue.h in Headers */,
				CD21C4FD24084D5B00998A14 /* SgfcMessage.h in Headers */,
				CD21C52024084D5B00998A14 /* SgfcColorPropertyValue.h in Headers */,
				CD21C56F241006A100998A14 /* ISgfcGoStone.h in Headers */,
				CD21C4462408098D00998A14 /* ISgfcSimpleTextPropertyValue.h in Headers */,
				CD21C55F240C5AF800998A14 /* SgfcGoPoint.h in Headers */,
				CD21C54224084D5B00998A14 /* SgfcUtility.h in Headers */,
				CD21C4F524084D5B00998A14 /* SgfcDocumentReader.h in Headers */,
				CD21C50824084D5B00998A14 /* SgfcBackendController.h in Headers */,
				CD21C50E24084D5B00998A14 /* SgfcComposedPropertyValue.h in Headers */,
				CD21C54E240C4B0200998A14 /* SgfcCoordinateSystem.h in Headers */,
				CD21C550240C4C8300998A14 /* SgfcGoPointNotation.h in Headers */,
				CD8322F523FF177B009567E4 /* ISgfcProperty.h in Headers */,
				CD21C50D24084D5B00998A14 /* SgfcNode.h in Headers */,
				CD21C50124084D5B00998A14 /* SgfcBackendDataWrapper.h in Headers */,
				CD21C54A240C195A00998A14 /* ISgfcGoPointPropertyValue.h in Headers */,
				CD8322A523F1D246009567E4 /* SgfcPlusPlusFactory.h in Headers */,
				CD21C54C240C31A500998A14 /* ISgfcGoPoint.h in Headers */,
				CD8322A423F1D246009567E4 /* ISgfcCommandLine.h in Headers */,
				CD21C50024084D5B00998A14 /* SgfcBackendSaveResult.h in Headers */,
				CD21C5612410035700998A14 /* ISgfcGoStonePropertyValue.h in Headers */,
				CD8322EF23FF116F009567E4 /* ISgfcGame.h in Headers */,
				CD8322A723F1D30D009567E4 /* ISgfcMessage.h in Headers */,
				CD21C4472408098D00998A14 /* ISgfcStonePropertyValue.h in Headers */,
				CD21C4EE24084D5B00998A14 /* SgfcPropertyComposedValueTypeDescriptor.h in Headers */,
				CD21C575241008DB00998A14 /* SgfcGoStone.h in Headers */,
				CD8322AB23F1DAC4009567E4 /* SgfcMessageType.h in Headers */,
				CD21C4F224084D5B00998A14 /* SgfcPropertyDecoder.h in Headers */,
				CD21C52424084D5B00998A14 /* SgfcDoublePropertyValue.h in Headers */,
				CD21C4F024084D5B00998A14 /* SgfcPropertyBasicValueTypeDescriptor.h in Headers */,
				CD21C4442408098D00998A14 /* ISgfcTextPropertyValue.h in Headers */,
				CD21C58924103E8000998A14 /* SgfcDocumentWriteResult.h in Headers */,
				CD21C4FF24084D5B00998A14 /* SgfcMessagePart.h in Headers */,
				CD21C43D2408097600998A14 /* ISgfcMovePropertyValue.h in Headers */,
				CD21C43F2408097F00998A14 /* ISgfcPointPropertyValue.h in Headers */,
				CD21C4F324084D5B00998A14 /* SgfcDocumentReadResult.h in Headers */,
				CD21C4392408095D00998A14 /* ISgfcColorPropertyValue.h in Headers */,
				CD21C4EC24084D5B00998A14 /* SgfcPropertyListValueTypeDescriptor.h in Headers */,
				CD21C52924084D5B00998A14 /* SgfcSinglePropertyValue.h in Headers */,
				CD21C58524103D9F00998A14 /* SgfcDocumentWriter.h in Headers */,
				CD21C548240C188200998A14 /* ISgfcGoMovePropertyValue.h in Headers */,
				CD21C57F241037C000998A14 /* ISgfcDocumentWriter.h in Headers */,
				CD21C44B2408104300998A14 /* SgfcColor.h in Headers */,
				CD21C50924084D5B00998A14 /* SgfcBackendLoadResult.h in Headers */,
				CD8322E723FD9D79009567E4 /* SgfcPropertyValueType.h in Headers */,
				CD21C54324084D5B00998A14 /* SgfcConstants.h in Headers */,
			);
			runOnlyForDeploymentPostprocessing = 0;
		};
/* End PBXHeadersBuildPhase section */

/* Begin PBXNativeTarget section */
		CD72170D23F1C793008373BA /* libsgfcplusplus */ = {
			isa = PBXNativeTarget;
			buildConfigurationList = CD72171923F1C794008373BA /* Build configuration list for PBXNativeTarget "libsgfcplusplus" */;
			buildPhases = (
				CD72170A23F1C793008373BA /* Headers */,
				CD72170B23F1C793008373BA /* Sources */,
				CD72170C23F1C793008373BA /* Frameworks */,
			);
			buildRules = (
			);
			dependencies = (
			);
			name = libsgfcplusplus;
			productName = libsgfcplusplus;
			productReference = CD72170E23F1C793008373BA /* liblibsgfcplusplus.dylib */;
			productType = "com.apple.product-type.library.dynamic";
		};
/* End PBXNativeTarget section */

/* Begin PBXProject section */
		CD72170623F1C793008373BA /* Project object */ = {
			isa = PBXProject;
			attributes = {
				LastUpgradeCheck = 1120;
				ORGANIZATIONNAME = "Patrick Näf";
				TargetAttributes = {
					CD72170D23F1C793008373BA = {
						CreatedOnToolsVersion = 11.2.1;
					};
				};
			};
			buildConfigurationList = CD72170923F1C793008373BA /* Build configuration list for PBXProject "libsgfcplusplus" */;
			compatibilityVersion = "Xcode 11.0";
			developmentRegion = en;
			hasScannedForEncodings = 0;
			knownRegions = (
				en,
				Base,
			);
			mainGroup = CD72170523F1C793008373BA;
			productRefGroup = CD72170F23F1C793008373BA /* Products */;
			projectDirPath = "";
			projectRoot = "";
			targets = (
				CD72170D23F1C793008373BA /* libsgfcplusplus */,
			);
		};
/* End PBXProject section */

/* Begin PBXSourcesBuildPhase section */
		CD72170B23F1C793008373BA /* Sources */ = {
			isa = PBXSourcesBuildPhase;
			buildActionMask = 2147483647;
			files = (
				CD21C4F624084D5B00998A14 /* SgfcCommandLine.cpp in Sources */,
				CD21C4F124084D5B00998A14 /* SgfcPropertyElistValueTypeDescriptor.cpp in Sources */,
				CD21C4F724084D5B00998A14 /* SgfcDocumentReadResult.cpp in Sources */,
				CD21C554240C547E00998A14 /* ISgfcGoPoint.cpp in Sources */,
				CD21C52724084D5B00998A14 /* SgfcColorPropertyValue.cpp in Sources */,
				CD21C51024084D5B00998A14 /* SgfcComposedPropertyValue.cpp in Sources */,
				CD21C51324084D5B00998A14 /* SgfcDocument.cpp in Sources */,
				CD21C53724084D5B00998A14 /* ISgfcTextPropertyValue.cpp in Sources */,
				CD21C50624084D5B00998A14 /* SgfcBackendDataWrapper.cpp in Sources */,
				CD21C53524084D5B00998A14 /* ISgfcMovePropertyValue.cpp in Sources */,
				CD21C52E24084D5B00998A14 /* ISgfcComposedPropertyValue.cpp in Sources */,
				CD21C52A24084D5B00998A14 /* SgfcPlusPlusFactory.cpp in Sources */,
				CD21C55E240C5AF800998A14 /* SgfcGoPoint.cpp in Sources */,
				CD21C58824103E8000998A14 /* SgfcDocumentWriteResult.cpp in Sources */,
				CD21C50324084D5B00998A14 /* SgfcBackendSaveResult.cpp in Sources */,
				CD21C54424084D5B00998A14 /* SgfcConstants.cpp in Sources */,
				CD21C51124084D5B00998A14 /* SgfcGame.cpp in Sources */,
				CD21C53824084D5B00998A14 /* ISgfcPropertyValue.cpp in Sources */,
				CD21C574241008DB00998A14 /* SgfcGoStone.cpp in Sources */,
				CD21C53024084D5B00998A14 /* ISgfcStonePropertyValue.cpp in Sources */,
				CD21C52224084D5B00998A14 /* SgfcRealPropertyValue.cpp in Sources */,
				CD8322BD23F424FC009567E4 /* save.c in Sources */,
				CD21C52324084D5B00998A14 /* SgfcPointPropertyValue.cpp in Sources */,
				CD21C53924084D5B00998A14 /* ISgfcSinglePropertyValue.cpp in Sources */,
				CD21C58D2410427400998A14 /* ISgfcDocumentWriter.cpp in Sources */,
				CD21C50524084D5B00998A14 /* SgfcOptions.cpp in Sources */,
				CD21C51D24084D5B00998A14 /* SgfcUnknownPropertyValue.cpp in Sources */,
				CD21C563241004BE00998A14 /* ISgfcGoMovePropertyValue.cpp in Sources */,
				CD21C4EA24084D5B00998A14 /* SgfcPropertyDualValueTypeDescriptor.cpp in Sources */,
				CD8322C523F43262009567E4 /* util.c in Sources */,
				CD21C4F924084D5B00998A14 /* SgfcMessageStream.cpp in Sources */,
				CD21C571241008B400998A14 /* ISgfcGoStone.cpp in Sources */,
				CD21C53E24084D5B00998A14 /* ISgfcCommandLine.cpp in Sources */,
				CD21C53B24084D5B00998A14 /* ISgfcColorPropertyValue.cpp in Sources */,
				CD21C52D24084D5B00998A14 /* ISgfcProperty.cpp in Sources */,
				CD21C53C24084D5B00998A14 /* ISgfcNode.cpp in Sources */,
				CD21C558240C5AAA00998A14 /* SgfcGoPointPropertyValue.cpp in Sources */,
				CD21C51724084D5B00998A14 /* SgfcMovePropertyValue.cpp in Sources */,
				CD8322B823F424E4009567E4 /* strict.c in Sources */,
				CD21C4EF24084D5B00998A14 /* SgfcPropertyListValueTypeDescriptor.cpp in Sources */,
				CD8322B623F424C7009567E4 /* gameinfo.c in Sources */,
				CD21C50224084D5B00998A14 /* SgfcBackendController.cpp in Sources */,
				CD21C4E924084D5B00998A14 /* SgfcPropertyComposedValueTypeDescriptor.cpp in Sources */,
				CD8322B923F424E7009567E4 /* parse2.c in Sources */,
				CD21C5692410053000998A14 /* SgfcGoMovePropertyValue.cpp in Sources */,
				CD21C565241004C700998A14 /* ISgfcGoStonePropertyValue.cpp in Sources */,
				CD8322BA23F424EA009567E4 /* execute.c in Sources */,
				CD21C51224084D5B00998A14 /* SgfcSinglePropertyValue.cpp in Sources */,
				CD21C51824084D5B00998A14 /* SgfcNumberPropertyValue.cpp in Sources */,
				CD21C5792410197F00998A14 /* ISgfcGoMove.cpp in Sources */,
				CD21C51624084D5B00998A14 /* SgfcStonePropertyValue.cpp in Sources */,
				CD21C53A24084D5B00998A14 /* ISgfcSimpleTextPropertyValue.cpp in Sources */,
				CD21C54024084D5B00998A14 /* ISgfcPropertyValueTypeDescriptor.cpp in Sources */,
				CD21C4FB24084D5B00998A14 /* SgfcMessageParser.cpp in Sources */,
				CD21C4FA24084D5B00998A14 /* SgfcMessage.cpp in Sources */,
				CD21C50C24084D5B00998A14 /* SgfcNode.cpp in Sources */,
				CD21C58424103D9F00998A14 /* SgfcDocumentWriter.cpp in Sources */,
				CD21C53324084D5B00998A14 /* ISgfcDocument.cpp in Sources */,
				CD21C51B24084D5B00998A14 /* SgfcDoublePropertyValue.cpp in Sources */,
				CD21C53224084D5B00998A14 /* ISgfcGame.cpp in Sources */,
				CD21C4F424084D5B00998A14 /* SgfcDocumentReader.cpp in Sources */,
				CD21C53124084D5B00998A14 /* ISgfcMessage.cpp in Sources */,
				CD21C56D2410053600998A14 /* SgfcGoStonePropertyValue.cpp in Sources */,
				CD8322BE23F42500009567E4 /* load.c in Sources */,
				CD8322BF23F4250E009567E4 /* main.c in Sources */,
				CD21C51A24084D5B00998A14 /* SgfcSimpleTextPropertyValue.cpp in Sources */,
				CD8322BB23F424EE009567E4 /* properties.c in Sources */,
				CD21C53424084D5B00998A14 /* ISgfcPointPropertyValue.cpp in Sources */,
				CD21C53624084D5B00998A14 /* ISgfcDocumentReader.cpp in Sources */,
				CD21C552240C546E00998A14 /* ISgfcGoPointPropertyValue.cpp in Sources */,
				CD21C57C241019AB00998A14 /* SgfcGoMove.cpp in Sources */,
				CD21C4ED24084D5B00998A14 /* SgfcPropertyBasicValueTypeDescriptor.cpp in Sources */,
				CD21C51924084D5B00998A14 /* SgfcTextPropertyValue.cpp in Sources */,
				CD21C54124084D5B00998A14 /* SgfcUtility.cpp in Sources */,
				CD21C52C24084D5B00998A14 /* ISgfcNumberPropertyValue.cpp in Sources */,
				CD21C53D24084D5B00998A14 /* ISgfcDocumentReadResult.cpp in Sources */,
				CD21C52B24084D5B00998A14 /* ISgfcRealPropertyValue.cpp in Sources */,
				CD21C58C2410427400998A14 /* ISgfcDocumentWriteResult.cpp in Sources */,
				CD21C4E624084D5B00998A14 /* SgfcPropertyDecoder.cpp in Sources */,
				CD21C50B24084D5B00998A14 /* SgfcProperty.cpp in Sources */,
				CD21C50424084D5B00998A14 /* SgfcBackendLoadResult.cpp in Sources */,
				CD8322BC23F424F9009567E4 /* parse.c in Sources */,
				CD21C52F24084D5B00998A14 /* ISgfcDoublePropertyValue.cpp in Sources */,
			);
			runOnlyForDeploymentPostprocessing = 0;
		};
/* End PBXSourcesBuildPhase section */

/* Begin XCBuildConfiguration section */
		CD72171723F1C794008373BA /* Debug */ = {
			isa = XCBuildConfiguration;
			buildSettings = {
				ALWAYS_SEARCH_USER_PATHS = NO;
				CLANG_ANALYZER_NONNULL = YES;
				CLANG_ANALYZER_NUMBER_OBJECT_CONVERSION = YES_AGGRESSIVE;
				CLANG_CXX_LANGUAGE_STANDARD = "c++17";
				CLANG_CXX_LIBRARY = "libc++";
				CLANG_ENABLE_MODULES = YES;
				CLANG_ENABLE_OBJC_ARC = YES;
				CLANG_ENABLE_OBJC_WEAK = YES;
				CLANG_WARN_BLOCK_CAPTURE_AUTORELEASING = YES;
				CLANG_WARN_BOOL_CONVERSION = YES;
				CLANG_WARN_COMMA = YES;
				CLANG_WARN_CONSTANT_CONVERSION = YES;
				CLANG_WARN_DEPRECATED_OBJC_IMPLEMENTATIONS = YES;
				CLANG_WARN_DIRECT_OBJC_ISA_USAGE = YES_ERROR;
				CLANG_WARN_DOCUMENTATION_COMMENTS = YES;
				CLANG_WARN_EMPTY_BODY = YES;
				CLANG_WARN_ENUM_CONVERSION = YES;
				CLANG_WARN_INFINITE_RECURSION = YES;
				CLANG_WARN_INT_CONVERSION = YES;
				CLANG_WARN_NON_LITERAL_NULL_CONVERSION = YES;
				CLANG_WARN_OBJC_IMPLICIT_RETAIN_SELF = YES;
				CLANG_WARN_OBJC_LITERAL_CONVERSION = YES;
				CLANG_WARN_OBJC_ROOT_CLASS = YES_ERROR;
				CLANG_WARN_RANGE_LOOP_ANALYSIS = YES;
				CLANG_WARN_STRICT_PROTOTYPES = YES;
				CLANG_WARN_SUSPICIOUS_MOVE = YES;
				CLANG_WARN_UNGUARDED_AVAILABILITY = YES_AGGRESSIVE;
				CLANG_WARN_UNREACHABLE_CODE = YES;
				CLANG_WARN__DUPLICATE_METHOD_MATCH = YES;
				COPY_PHASE_STRIP = NO;
				DEBUG_INFORMATION_FORMAT = dwarf;
				ENABLE_STRICT_OBJC_MSGSEND = YES;
				ENABLE_TESTABILITY = YES;
				GCC_C_LANGUAGE_STANDARD = gnu11;
				GCC_DYNAMIC_NO_PIC = NO;
				GCC_NO_COMMON_BLOCKS = YES;
				GCC_OPTIMIZATION_LEVEL = 0;
				GCC_PREPROCESSOR_DEFINITIONS = (
					"DEBUG=1",
					"$(inherited)",
				);
				GCC_WARN_64_TO_32_BIT_CONVERSION = YES;
				GCC_WARN_ABOUT_RETURN_TYPE = YES_ERROR;
				GCC_WARN_UNDECLARED_SELECTOR = YES;
				GCC_WARN_UNINITIALIZED_AUTOS = YES_AGGRESSIVE;
				GCC_WARN_UNUSED_FUNCTION = YES;
				GCC_WARN_UNUSED_VARIABLE = YES;
				MACOSX_DEPLOYMENT_TARGET = 10.14;
				MTL_ENABLE_DEBUG_INFO = INCLUDE_SOURCE;
				MTL_FAST_MATH = YES;
				ONLY_ACTIVE_ARCH = YES;
				SDKROOT = macosx;
			};
			name = Debug;
		};
		CD72171823F1C794008373BA /* Release */ = {
			isa = XCBuildConfiguration;
			buildSettings = {
				ALWAYS_SEARCH_USER_PATHS = NO;
				CLANG_ANALYZER_NONNULL = YES;
				CLANG_ANALYZER_NUMBER_OBJECT_CONVERSION = YES_AGGRESSIVE;
				CLANG_CXX_LANGUAGE_STANDARD = "c++17";
				CLANG_CXX_LIBRARY = "libc++";
				CLANG_ENABLE_MODULES = YES;
				CLANG_ENABLE_OBJC_ARC = YES;
				CLANG_ENABLE_OBJC_WEAK = YES;
				CLANG_WARN_BLOCK_CAPTURE_AUTORELEASING = YES;
				CLANG_WARN_BOOL_CONVERSION = YES;
				CLANG_WARN_COMMA = YES;
				CLANG_WARN_CONSTANT_CONVERSION = YES;
				CLANG_WARN_DEPRECATED_OBJC_IMPLEMENTATIONS = YES;
				CLANG_WARN_DIRECT_OBJC_ISA_USAGE = YES_ERROR;
				CLANG_WARN_DOCUMENTATION_COMMENTS = YES;
				CLANG_WARN_EMPTY_BODY = YES;
				CLANG_WARN_ENUM_CONVERSION = YES;
				CLANG_WARN_INFINITE_RECURSION = YES;
				CLANG_WARN_INT_CONVERSION = YES;
				CLANG_WARN_NON_LITERAL_NULL_CONVERSION = YES;
				CLANG_WARN_OBJC_IMPLICIT_RETAIN_SELF = YES;
				CLANG_WARN_OBJC_LITERAL_CONVERSION = YES;
				CLANG_WARN_OBJC_ROOT_CLASS = YES_ERROR;
				CLANG_WARN_RANGE_LOOP_ANALYSIS = YES;
				CLANG_WARN_STRICT_PROTOTYPES = YES;
				CLANG_WARN_SUSPICIOUS_MOVE = YES;
				CLANG_WARN_UNGUARDED_AVAILABILITY = YES_AGGRESSIVE;
				CLANG_WARN_UNREACHABLE_CODE = YES;
				CLANG_WARN__DUPLICATE_METHOD_MATCH = YES;
				COPY_PHASE_STRIP = NO;
				DEBUG_INFORMATION_FORMAT = "dwarf-with-dsym";
				ENABLE_NS_ASSERTIONS = NO;
				ENABLE_STRICT_OBJC_MSGSEND = YES;
				GCC_C_LANGUAGE_STANDARD = gnu11;
				GCC_NO_COMMON_BLOCKS = YES;
				GCC_WARN_64_TO_32_BIT_CONVERSION = YES;
				GCC_WARN_ABOUT_RETURN_TYPE = YES_ERROR;
				GCC_WARN_UNDECLARED_SELECTOR = YES;
				GCC_WARN_UNINITIALIZED_AUTOS = YES_AGGRESSIVE;
				GCC_WARN_UNUSED_FUNCTION = YES;
				GCC_WARN_UNUSED_VARIABLE = YES;
				MACOSX_DEPLOYMENT_TARGET = 10.14;
				MTL_ENABLE_DEBUG_INFO = NO;
				MTL_FAST_MATH = YES;
				SDKROOT = macosx;
			};
			name = Release;
		};
		CD72171A23F1C794008373BA /* Debug */ = {
			isa = XCBuildConfiguration;
			buildSettings = {
				CODE_SIGN_STYLE = Automatic;
				DYLIB_COMPATIBILITY_VERSION = 1;
				DYLIB_CURRENT_VERSION = 1;
				EXECUTABLE_PREFIX = lib;
				GCC_ENABLE_CPP_EXCEPTIONS = YES;
				GCC_ENABLE_CPP_RTTI = YES;
				GCC_SYMBOLS_PRIVATE_EXTERN = YES;
				PRODUCT_NAME = "$(TARGET_NAME)";
				SKIP_INSTALL = YES;
			};
			name = Debug;
		};
		CD72171B23F1C794008373BA /* Release */ = {
			isa = XCBuildConfiguration;
			buildSettings = {
				CODE_SIGN_STYLE = Automatic;
				DYLIB_COMPATIBILITY_VERSION = 1;
				DYLIB_CURRENT_VERSION = 1;
				EXECUTABLE_PREFIX = lib;
				GCC_ENABLE_CPP_EXCEPTIONS = YES;
				GCC_ENABLE_CPP_RTTI = YES;
				GCC_SYMBOLS_PRIVATE_EXTERN = YES;
				PRODUCT_NAME = "$(TARGET_NAME)";
				SKIP_INSTALL = YES;
			};
			name = Release;
		};
/* End XCBuildConfiguration section */

/* Begin XCConfigurationList section */
		CD72170923F1C793008373BA /* Build configuration list for PBXProject "libsgfcplusplus" */ = {
			isa = XCConfigurationList;
			buildConfigurations = (
				CD72171723F1C794008373BA /* Debug */,
				CD72171823F1C794008373BA /* Release */,
			);
			defaultConfigurationIsVisible = 0;
			defaultConfigurationName = Release;
		};
		CD72171923F1C794008373BA /* Build configuration list for PBXNativeTarget "libsgfcplusplus" */ = {
			isa = XCConfigurationList;
			buildConfigurations = (
				CD72171A23F1C794008373BA /* Debug */,
				CD72171B23F1C794008373BA /* Release */,
			);
			defaultConfigurationIsVisible = 0;
			defaultConfigurationName = Release;
		};
/* End XCConfigurationList section */
	};
	rootObject = CD72170623F1C793008373BA /* Project object */;
}
